// !$*UTF8*$!
{
	archiveVersion = 1;
	classes = {
	};
	objectVersion = 46;
	objects = {

/* Begin PBXBuildFile section */
		0205C7AC159CD79900CA1223 /* Formation.m in Sources */ = {isa = PBXBuildFile; fileRef = 0205C7AB159CD79900CA1223 /* Formation.m */; };
		020EBB5A15941F7C00EECC08 /* FolderTableViewController.m in Sources */ = {isa = PBXBuildFile; fileRef = 020EBB5915941F7C00EECC08 /* FolderTableViewController.m */; };
		020EBB7D15941FB400EECC08 /* Formation_Folder.m in Sources */ = {isa = PBXBuildFile; fileRef = 020EBB7C15941FB400EECC08 /* Formation_Folder.m */; };
		020EBB951594217A00EECC08 /* CoreDataTableViewController.m in Sources */ = {isa = PBXBuildFile; fileRef = 020EBB941594217A00EECC08 /* CoreDataTableViewController.m */; };
		020EBB991594259900EECC08 /* GeoDatabaseManager.m in Sources */ = {isa = PBXBuildFile; fileRef = 020EBB981594259900EECC08 /* GeoDatabaseManager.m */; };
		020EBB9E15942CBB00EECC08 /* RecordViewController.m in Sources */ = {isa = PBXBuildFile; fileRef = 020EBB9D15942CBB00EECC08 /* RecordViewController.m */; };
		020EBBA115942E8800EECC08 /* ModalFolderViewController.m in Sources */ = {isa = PBXBuildFile; fileRef = 020EBBA015942E8800EECC08 /* ModalFolderViewController.m */; };
		020EBBA41594355800EECC08 /* Folder+Creation.m in Sources */ = {isa = PBXBuildFile; fileRef = 020EBBA31594355800EECC08 /* Folder+Creation.m */; };
		020EBBAF15944F4500EECC08 /* TextInputFilter.m in Sources */ = {isa = PBXBuildFile; fileRef = 020EBBAE15944F4500EECC08 /* TextInputFilter.m */; };
		020EBBBA1594611A00EECC08 /* RecordTableViewController.m in Sources */ = {isa = PBXBuildFile; fileRef = 020EBBB91594611A00EECC08 /* RecordTableViewController.m */; };
		020EBBC1159467F200EECC08 /* ModalRecordTypeSelector.m in Sources */ = {isa = PBXBuildFile; fileRef = 020EBBC0159467F100EECC08 /* ModalRecordTypeSelector.m */; };
		020EBBC415946B3D00EECC08 /* Record+Types.m in Sources */ = {isa = PBXBuildFile; fileRef = 020EBBC315946B3D00EECC08 /* Record+Types.m */; };
		020F06FC15982E570006B53B /* TrendPickerViewController.m in Sources */ = {isa = PBXBuildFile; fileRef = 020F06FB15982E570006B53B /* TrendPickerViewController.m */; };
		020F06FF15982ED20006B53B /* PlungePickerViewController.m in Sources */ = {isa = PBXBuildFile; fileRef = 020F06FE15982ED10006B53B /* PlungePickerViewController.m */; };
		0221BDE1159A58EA0058C792 /* FormationFolderPickerViewController.m in Sources */ = {isa = PBXBuildFile; fileRef = 0221BDE0159A58EA0058C792 /* FormationFolderPickerViewController.m */; };
		0221BDE5159A88170058C792 /* Folder+DictionaryKeys.m in Sources */ = {isa = PBXBuildFile; fileRef = 0221BDE4159A88170058C792 /* Folder+DictionaryKeys.m */; };
		0221BDEB159A8CFC0058C792 /* Folder.m in Sources */ = {isa = PBXBuildFile; fileRef = 0221BDEA159A8CFA0058C792 /* Folder.m */; };
		0222DB0015961D0D00699D62 /* Record+DictionaryKeys.m in Sources */ = {isa = PBXBuildFile; fileRef = 0222DAFF15961D0D00699D62 /* Record+DictionaryKeys.m */; };
		0222DB0415961D5D00699D62 /* Record+Modification.m in Sources */ = {isa = PBXBuildFile; fileRef = 0222DB0315961D5D00699D62 /* Record+Modification.m */; };
		0222DB0715961ED900699D62 /* Bedding+Modification.m in Sources */ = {isa = PBXBuildFile; fileRef = 0222DB0615961ED900699D62 /* Bedding+Modification.m */; };
		0222DB0A1596204400699D62 /* Fault+Modification.m in Sources */ = {isa = PBXBuildFile; fileRef = 0222DB091596204300699D62 /* Fault+Modification.m */; };
		0222DB0D1596229F00699D62 /* JointSet+Modification.m in Sources */ = {isa = PBXBuildFile; fileRef = 0222DB0C1596229F00699D62 /* JointSet+Modification.m */; };
		0222DB10159622DD00699D62 /* Contact+Modification.m in Sources */ = {isa = PBXBuildFile; fileRef = 0222DB0F159622DC00699D62 /* Contact+Modification.m */; };
		0222DB161596305500699D62 /* JointSet+Description.m in Sources */ = {isa = PBXBuildFile; fileRef = 0222DB151596305400699D62 /* JointSet+Description.m */; };
		0222DB1C1596487800699D62 /* GeoFieldBookFrontPage.png in Resources */ = {isa = PBXBuildFile; fileRef = 0222DB1B1596487800699D62 /* GeoFieldBookFrontPage.png */; };
		0222DB241596B40C00699D62 /* PickerViewController.m in Sources */ = {isa = PBXBuildFile; fileRef = 0222DB231596B40C00699D62 /* PickerViewController.m */; };
		0222DB281596B9ED00699D62 /* FormationPickerViewController.m in Sources */ = {isa = PBXBuildFile; fileRef = 0222DB271596B9ED00699D62 /* FormationPickerViewController.m */; };
		0222DB2B1596BF2800699D62 /* StrikePickerViewController.m in Sources */ = {isa = PBXBuildFile; fileRef = 0222DB2A1596BF2800699D62 /* StrikePickerViewController.m */; };
		0222DB2E1596D95100699D62 /* DipPickerViewController.m in Sources */ = {isa = PBXBuildFile; fileRef = 0222DB2D1596D95100699D62 /* DipPickerViewController.m */; };
		0222DB311596DCC600699D62 /* DipDirectionPickerViewController.m in Sources */ = {isa = PBXBuildFile; fileRef = 0222DB301596DCC600699D62 /* DipDirectionPickerViewController.m */; };
		023858671599233F00A0DB98 /* FormationFolderTableViewController.m in Sources */ = {isa = PBXBuildFile; fileRef = 023858661599233F00A0DB98 /* FormationFolderTableViewController.m */; };
		0238586A15994DF200A0DB98 /* FormationFolderViewController.m in Sources */ = {isa = PBXBuildFile; fileRef = 0238586915994DF200A0DB98 /* FormationFolderViewController.m */; };
		0238586D1599540100A0DB98 /* Formation_Folder+Creation.m in Sources */ = {isa = PBXBuildFile; fileRef = 0238586C1599540100A0DB98 /* Formation_Folder+Creation.m */; };
		0238587015995DB400A0DB98 /* Folder+Modification.m in Sources */ = {isa = PBXBuildFile; fileRef = 0238586F15995DB300A0DB98 /* Folder+Modification.m */; };
		0238587315995FB200A0DB98 /* Formation_Folder+Modification.m in Sources */ = {isa = PBXBuildFile; fileRef = 0238587215995FB200A0DB98 /* Formation_Folder+Modification.m */; };
		0238587615996B5C00A0DB98 /* FormationTableViewController.m in Sources */ = {isa = PBXBuildFile; fileRef = 0238587515996B5C00A0DB98 /* FormationTableViewController.m */; };
		0238587915996F4A00A0DB98 /* FormationViewController.m in Sources */ = {isa = PBXBuildFile; fileRef = 0238587815996F4900A0DB98 /* FormationViewController.m */; };
		0238587C1599732000A0DB98 /* Formation+Creation.m in Sources */ = {isa = PBXBuildFile; fileRef = 0238587B1599731F00A0DB98 /* Formation+Creation.m */; };
		0238587F1599747400A0DB98 /* Formation+Modification.m in Sources */ = {isa = PBXBuildFile; fileRef = 0238587E1599747300A0DB98 /* Formation+Modification.m */; };
		0238588615999F0F00A0DB98 /* HomeViewController.m in Sources */ = {isa = PBXBuildFile; fileRef = 0238588515999F0F00A0DB98 /* HomeViewController.m */; };
		023858891599A0CD00A0DB98 /* HomeMasterViewController.m in Sources */ = {isa = PBXBuildFile; fileRef = 023858881599A0CD00A0DB98 /* HomeMasterViewController.m */; };
		02712A4C159D010500510188 /* Bedding.m in Sources */ = {isa = PBXBuildFile; fileRef = 02712A4B159D010500510188 /* Bedding.m */; };
		02712A50159D011300510188 /* Contact.m in Sources */ = {isa = PBXBuildFile; fileRef = 02712A4F159D011300510188 /* Contact.m */; };
		02712A53159D012100510188 /* Fault.m in Sources */ = {isa = PBXBuildFile; fileRef = 02712A52159D012100510188 /* Fault.m */; };
		02712A56159D012F00510188 /* JointSet.m in Sources */ = {isa = PBXBuildFile; fileRef = 02712A55159D012F00510188 /* JointSet.m */; };
		02712A59159D013D00510188 /* Other.m in Sources */ = {isa = PBXBuildFile; fileRef = 02712A58159D013D00510188 /* Other.m */; };
		0294E096159361060025219F /* UIKit.framework in Frameworks */ = {isa = PBXBuildFile; fileRef = 0294E095159361060025219F /* UIKit.framework */; };
		0294E098159361060025219F /* Foundation.framework in Frameworks */ = {isa = PBXBuildFile; fileRef = 0294E097159361060025219F /* Foundation.framework */; };
		0294E09A159361060025219F /* CoreGraphics.framework in Frameworks */ = {isa = PBXBuildFile; fileRef = 0294E099159361060025219F /* CoreGraphics.framework */; };
		0294E0A0159361060025219F /* InfoPlist.strings in Resources */ = {isa = PBXBuildFile; fileRef = 0294E09E159361060025219F /* InfoPlist.strings */; };
		0294E0A2159361060025219F /* main.m in Sources */ = {isa = PBXBuildFile; fileRef = 0294E0A1159361060025219F /* main.m */; };
		0294E0A6159361060025219F /* GeoFieldBookAppDelegate.m in Sources */ = {isa = PBXBuildFile; fileRef = 0294E0A5159361060025219F /* GeoFieldBookAppDelegate.m */; };
		0294E0A9159361060025219F /* iPad.storyboard in Resources */ = {isa = PBXBuildFile; fileRef = 0294E0A7159361060025219F /* iPad.storyboard */; };
		0294E0B4159361060025219F /* SenTestingKit.framework in Frameworks */ = {isa = PBXBuildFile; fileRef = 0294E0B3159361060025219F /* SenTestingKit.framework */; };
		0294E0B5159361060025219F /* UIKit.framework in Frameworks */ = {isa = PBXBuildFile; fileRef = 0294E095159361060025219F /* UIKit.framework */; };
		0294E0B6159361060025219F /* Foundation.framework in Frameworks */ = {isa = PBXBuildFile; fileRef = 0294E097159361060025219F /* Foundation.framework */; };
		0294E0BE159361060025219F /* InfoPlist.strings in Resources */ = {isa = PBXBuildFile; fileRef = 0294E0BC159361060025219F /* InfoPlist.strings */; };
		0294E0C1159361060025219F /* GeoFieldBookTests.m in Sources */ = {isa = PBXBuildFile; fileRef = 0294E0C0159361060025219F /* GeoFieldBookTests.m */; };
		0294E0CB159361F50025219F /* CoreData.framework in Frameworks */ = {isa = PBXBuildFile; fileRef = 0294E0CA159361F50025219F /* CoreData.framework */; };
		0294E0CD159362040025219F /* MapKit.framework in Frameworks */ = {isa = PBXBuildFile; fileRef = 0294E0CC159362040025219F /* MapKit.framework */; };
		0294E0CF1593620B0025219F /* CoreLocation.framework in Frameworks */ = {isa = PBXBuildFile; fileRef = 0294E0CE1593620B0025219F /* CoreLocation.framework */; };
		0294E0D4159362FC0025219F /* GeoFieldBook.xcdatamodeld in Sources */ = {isa = PBXBuildFile; fileRef = 0294E0D2159362FC0025219F /* GeoFieldBook.xcdatamodeld */; };
		029877F8159566E0000D71E7 /* Record+Creation.m in Sources */ = {isa = PBXBuildFile; fileRef = 029877F7159566E0000D71E7 /* Record+Creation.m */; };
		029877FB1595740C000D71E7 /* InitialDetailViewController.m in Sources */ = {isa = PBXBuildFile; fileRef = 029877FA1595740C000D71E7 /* InitialDetailViewController.m */; };
		029877FE1595955E000D71E7 /* RecordVCBackground.jpg in Resources */ = {isa = PBXBuildFile; fileRef = 029877FD1595955E000D71E7 /* RecordVCBackground.jpg */; };
		0298C25C159B43F30038E89C /* Record+Validation.m in Sources */ = {isa = PBXBuildFile; fileRef = 0298C25B159B43F30038E89C /* Record+Validation.m */; };
		0298C25F159B45650038E89C /* Record+NameEncoding.m in Sources */ = {isa = PBXBuildFile; fileRef = 0298C25E159B45650038E89C /* Record+NameEncoding.m */; };
		2132A5D4159CD26100009CB9 /* Record.m in Sources */ = {isa = PBXBuildFile; fileRef = 2132A5D3159CD26100009CB9 /* Record.m */; };
		2132A5D7159CD26200009CB9 /* Image.m in Sources */ = {isa = PBXBuildFile; fileRef = 2132A5D6159CD26200009CB9 /* Image.m */; };
		2132A5DA159CD62200009CB9 /* Image+Creation.m in Sources */ = {isa = PBXBuildFile; fileRef = 2132A5D9159CD62200009CB9 /* Image+Creation.m */; };
		2141DC17159C9AE1002518F9 /* (null) in Sources */ = {isa = PBXBuildFile; };
		21A87A13159CAAFE001A220E /* Record+DateAndTimeFormatter.m in Sources */ = {isa = PBXBuildFile; fileRef = 21A87A12159CAAFE001A220E /* Record+DateAndTimeFormatter.m */; };
		21B1FEF0159B58C200868F62 /* CustomRecordCell.m in Sources */ = {isa = PBXBuildFile; fileRef = 21B1FEEF159B58C200868F62 /* CustomRecordCell.m */; };
		21C309E1159B6C800066FC9B /* MobileCoreServices.framework in Frameworks */ = {isa = PBXBuildFile; fileRef = 21C309E0159B6C800066FC9B /* MobileCoreServices.framework */; };
/* End PBXBuildFile section */

/* Begin PBXContainerItemProxy section */
		0294E0B7159361060025219F /* PBXContainerItemProxy */ = {
			isa = PBXContainerItemProxy;
			containerPortal = 0294E088159361060025219F /* Project object */;
			proxyType = 1;
			remoteGlobalIDString = 0294E090159361060025219F;
			remoteInfo = GeoFieldBook;
		};
/* End PBXContainerItemProxy section */

/* Begin PBXFileReference section */
		0205C7AA159CD79900CA1223 /* Formation.h */ = {isa = PBXFileReference; fileEncoding = 4; lastKnownFileType = sourcecode.c.h; path = Formation.h; sourceTree = "<group>"; };
		0205C7AB159CD79900CA1223 /* Formation.m */ = {isa = PBXFileReference; fileEncoding = 4; lastKnownFileType = sourcecode.c.objc; path = Formation.m; sourceTree = "<group>"; };
		0205E2B615954D02007D3B80 /* UISplitViewBarButtonPresenter.h */ = {isa = PBXFileReference; fileEncoding = 4; lastKnownFileType = sourcecode.c.h; path = UISplitViewBarButtonPresenter.h; sourceTree = "<group>"; };
		020EBB5815941F7C00EECC08 /* FolderTableViewController.h */ = {isa = PBXFileReference; fileEncoding = 4; lastKnownFileType = sourcecode.c.h; path = FolderTableViewController.h; sourceTree = "<group>"; };
		020EBB5915941F7C00EECC08 /* FolderTableViewController.m */ = {isa = PBXFileReference; fileEncoding = 4; lastKnownFileType = sourcecode.c.objc; path = FolderTableViewController.m; sourceTree = "<group>"; };
		020EBB7B15941FB400EECC08 /* Formation_Folder.h */ = {isa = PBXFileReference; fileEncoding = 4; lastKnownFileType = sourcecode.c.h; path = Formation_Folder.h; sourceTree = "<group>"; };
		020EBB7C15941FB400EECC08 /* Formation_Folder.m */ = {isa = PBXFileReference; fileEncoding = 4; lastKnownFileType = sourcecode.c.objc; path = Formation_Folder.m; sourceTree = "<group>"; };
		020EBB931594217A00EECC08 /* CoreDataTableViewController.h */ = {isa = PBXFileReference; fileEncoding = 4; lastKnownFileType = sourcecode.c.h; path = CoreDataTableViewController.h; sourceTree = "<group>"; };
		020EBB941594217A00EECC08 /* CoreDataTableViewController.m */ = {isa = PBXFileReference; fileEncoding = 4; lastKnownFileType = sourcecode.c.objc; path = CoreDataTableViewController.m; sourceTree = "<group>"; };
		020EBB971594259900EECC08 /* GeoDatabaseManager.h */ = {isa = PBXFileReference; fileEncoding = 4; lastKnownFileType = sourcecode.c.h; path = GeoDatabaseManager.h; sourceTree = "<group>"; };
		020EBB981594259900EECC08 /* GeoDatabaseManager.m */ = {isa = PBXFileReference; fileEncoding = 4; lastKnownFileType = sourcecode.c.objc; path = GeoDatabaseManager.m; sourceTree = "<group>"; };
		020EBB9C15942CBB00EECC08 /* RecordViewController.h */ = {isa = PBXFileReference; fileEncoding = 4; lastKnownFileType = sourcecode.c.h; path = RecordViewController.h; sourceTree = "<group>"; };
		020EBB9D15942CBB00EECC08 /* RecordViewController.m */ = {isa = PBXFileReference; fileEncoding = 4; lastKnownFileType = sourcecode.c.objc; path = RecordViewController.m; sourceTree = "<group>"; };
		020EBB9F15942E8800EECC08 /* ModalFolderViewController.h */ = {isa = PBXFileReference; fileEncoding = 4; lastKnownFileType = sourcecode.c.h; path = ModalFolderViewController.h; sourceTree = "<group>"; };
		020EBBA015942E8800EECC08 /* ModalFolderViewController.m */ = {isa = PBXFileReference; fileEncoding = 4; lastKnownFileType = sourcecode.c.objc; path = ModalFolderViewController.m; sourceTree = "<group>"; };
		020EBBA21594355800EECC08 /* Folder+Creation.h */ = {isa = PBXFileReference; fileEncoding = 4; lastKnownFileType = sourcecode.c.h; path = "Folder+Creation.h"; sourceTree = "<group>"; };
		020EBBA31594355800EECC08 /* Folder+Creation.m */ = {isa = PBXFileReference; fileEncoding = 4; lastKnownFileType = sourcecode.c.objc; path = "Folder+Creation.m"; sourceTree = "<group>"; };
		020EBBAD15944F4500EECC08 /* TextInputFilter.h */ = {isa = PBXFileReference; fileEncoding = 4; lastKnownFileType = sourcecode.c.h; path = TextInputFilter.h; sourceTree = "<group>"; };
		020EBBAE15944F4500EECC08 /* TextInputFilter.m */ = {isa = PBXFileReference; fileEncoding = 4; lastKnownFileType = sourcecode.c.objc; path = TextInputFilter.m; sourceTree = "<group>"; };
		020EBBB81594611A00EECC08 /* RecordTableViewController.h */ = {isa = PBXFileReference; fileEncoding = 4; lastKnownFileType = sourcecode.c.h; path = RecordTableViewController.h; sourceTree = "<group>"; };
		020EBBB91594611A00EECC08 /* RecordTableViewController.m */ = {isa = PBXFileReference; fileEncoding = 4; lastKnownFileType = sourcecode.c.objc; path = RecordTableViewController.m; sourceTree = "<group>"; };
		020EBBBF159467F100EECC08 /* ModalRecordTypeSelector.h */ = {isa = PBXFileReference; fileEncoding = 4; lastKnownFileType = sourcecode.c.h; path = ModalRecordTypeSelector.h; sourceTree = "<group>"; };
		020EBBC0159467F100EECC08 /* ModalRecordTypeSelector.m */ = {isa = PBXFileReference; fileEncoding = 4; lastKnownFileType = sourcecode.c.objc; path = ModalRecordTypeSelector.m; sourceTree = "<group>"; };
		020EBBC215946B3D00EECC08 /* Record+Types.h */ = {isa = PBXFileReference; fileEncoding = 4; lastKnownFileType = sourcecode.c.h; path = "Record+Types.h"; sourceTree = "<group>"; };
		020EBBC315946B3D00EECC08 /* Record+Types.m */ = {isa = PBXFileReference; fileEncoding = 4; lastKnownFileType = sourcecode.c.objc; path = "Record+Types.m"; sourceTree = "<group>"; };
		020F06FA15982E570006B53B /* TrendPickerViewController.h */ = {isa = PBXFileReference; fileEncoding = 4; lastKnownFileType = sourcecode.c.h; path = TrendPickerViewController.h; sourceTree = "<group>"; };
		020F06FB15982E570006B53B /* TrendPickerViewController.m */ = {isa = PBXFileReference; fileEncoding = 4; lastKnownFileType = sourcecode.c.objc; path = TrendPickerViewController.m; sourceTree = "<group>"; };
		020F06FD15982ED10006B53B /* PlungePickerViewController.h */ = {isa = PBXFileReference; fileEncoding = 4; lastKnownFileType = sourcecode.c.h; path = PlungePickerViewController.h; sourceTree = "<group>"; };
		020F06FE15982ED10006B53B /* PlungePickerViewController.m */ = {isa = PBXFileReference; fileEncoding = 4; lastKnownFileType = sourcecode.c.objc; path = PlungePickerViewController.m; sourceTree = "<group>"; };
		0221BDDF159A58EA0058C792 /* FormationFolderPickerViewController.h */ = {isa = PBXFileReference; fileEncoding = 4; lastKnownFileType = sourcecode.c.h; path = FormationFolderPickerViewController.h; sourceTree = "<group>"; };
		0221BDE0159A58EA0058C792 /* FormationFolderPickerViewController.m */ = {isa = PBXFileReference; fileEncoding = 4; lastKnownFileType = sourcecode.c.objc; path = FormationFolderPickerViewController.m; sourceTree = "<group>"; };
		0221BDE3159A88170058C792 /* Folder+DictionaryKeys.h */ = {isa = PBXFileReference; fileEncoding = 4; lastKnownFileType = sourcecode.c.h; path = "Folder+DictionaryKeys.h"; sourceTree = "<group>"; };
		0221BDE4159A88170058C792 /* Folder+DictionaryKeys.m */ = {isa = PBXFileReference; fileEncoding = 4; lastKnownFileType = sourcecode.c.objc; path = "Folder+DictionaryKeys.m"; sourceTree = "<group>"; };
		0221BDE9159A8CFA0058C792 /* Folder.h */ = {isa = PBXFileReference; fileEncoding = 4; lastKnownFileType = sourcecode.c.h; path = Folder.h; sourceTree = "<group>"; };
		0221BDEA159A8CFA0058C792 /* Folder.m */ = {isa = PBXFileReference; fileEncoding = 4; lastKnownFileType = sourcecode.c.objc; path = Folder.m; sourceTree = "<group>"; };
		0222DAFE15961D0D00699D62 /* Record+DictionaryKeys.h */ = {isa = PBXFileReference; fileEncoding = 4; lastKnownFileType = sourcecode.c.h; path = "Record+DictionaryKeys.h"; sourceTree = "<group>"; };
		0222DAFF15961D0D00699D62 /* Record+DictionaryKeys.m */ = {isa = PBXFileReference; fileEncoding = 4; lastKnownFileType = sourcecode.c.objc; path = "Record+DictionaryKeys.m"; sourceTree = "<group>"; };
		0222DB0215961D5D00699D62 /* Record+Modification.h */ = {isa = PBXFileReference; fileEncoding = 4; lastKnownFileType = sourcecode.c.h; path = "Record+Modification.h"; sourceTree = "<group>"; };
		0222DB0315961D5D00699D62 /* Record+Modification.m */ = {isa = PBXFileReference; fileEncoding = 4; lastKnownFileType = sourcecode.c.objc; path = "Record+Modification.m"; sourceTree = "<group>"; };
		0222DB0515961ED900699D62 /* Bedding+Modification.h */ = {isa = PBXFileReference; fileEncoding = 4; lastKnownFileType = sourcecode.c.h; path = "Bedding+Modification.h"; sourceTree = "<group>"; };
		0222DB0615961ED900699D62 /* Bedding+Modification.m */ = {isa = PBXFileReference; fileEncoding = 4; lastKnownFileType = sourcecode.c.objc; path = "Bedding+Modification.m"; sourceTree = "<group>"; };
		0222DB081596204300699D62 /* Fault+Modification.h */ = {isa = PBXFileReference; fileEncoding = 4; lastKnownFileType = sourcecode.c.h; path = "Fault+Modification.h"; sourceTree = "<group>"; };
		0222DB091596204300699D62 /* Fault+Modification.m */ = {isa = PBXFileReference; fileEncoding = 4; lastKnownFileType = sourcecode.c.objc; path = "Fault+Modification.m"; sourceTree = "<group>"; };
		0222DB0B1596229E00699D62 /* JointSet+Modification.h */ = {isa = PBXFileReference; fileEncoding = 4; lastKnownFileType = sourcecode.c.h; path = "JointSet+Modification.h"; sourceTree = "<group>"; };
		0222DB0C1596229F00699D62 /* JointSet+Modification.m */ = {isa = PBXFileReference; fileEncoding = 4; lastKnownFileType = sourcecode.c.objc; path = "JointSet+Modification.m"; sourceTree = "<group>"; };
		0222DB0E159622DC00699D62 /* Contact+Modification.h */ = {isa = PBXFileReference; fileEncoding = 4; lastKnownFileType = sourcecode.c.h; path = "Contact+Modification.h"; sourceTree = "<group>"; };
		0222DB0F159622DC00699D62 /* Contact+Modification.m */ = {isa = PBXFileReference; fileEncoding = 4; lastKnownFileType = sourcecode.c.objc; path = "Contact+Modification.m"; sourceTree = "<group>"; };
		0222DB141596305400699D62 /* JointSet+Description.h */ = {isa = PBXFileReference; fileEncoding = 4; lastKnownFileType = sourcecode.c.h; path = "JointSet+Description.h"; sourceTree = "<group>"; };
		0222DB151596305400699D62 /* JointSet+Description.m */ = {isa = PBXFileReference; fileEncoding = 4; lastKnownFileType = sourcecode.c.objc; path = "JointSet+Description.m"; sourceTree = "<group>"; };
		0222DB1B1596487800699D62 /* GeoFieldBookFrontPage.png */ = {isa = PBXFileReference; lastKnownFileType = image.png; path = GeoFieldBookFrontPage.png; sourceTree = "<group>"; };
		0222DB221596B40C00699D62 /* PickerViewController.h */ = {isa = PBXFileReference; fileEncoding = 4; lastKnownFileType = sourcecode.c.h; path = PickerViewController.h; sourceTree = "<group>"; };
		0222DB231596B40C00699D62 /* PickerViewController.m */ = {isa = PBXFileReference; fileEncoding = 4; lastKnownFileType = sourcecode.c.objc; path = PickerViewController.m; sourceTree = "<group>"; };
		0222DB261596B9ED00699D62 /* FormationPickerViewController.h */ = {isa = PBXFileReference; fileEncoding = 4; lastKnownFileType = sourcecode.c.h; path = FormationPickerViewController.h; sourceTree = "<group>"; };
		0222DB271596B9ED00699D62 /* FormationPickerViewController.m */ = {isa = PBXFileReference; fileEncoding = 4; lastKnownFileType = sourcecode.c.objc; path = FormationPickerViewController.m; sourceTree = "<group>"; };
		0222DB291596BF2800699D62 /* StrikePickerViewController.h */ = {isa = PBXFileReference; fileEncoding = 4; lastKnownFileType = sourcecode.c.h; path = StrikePickerViewController.h; sourceTree = "<group>"; };
		0222DB2A1596BF2800699D62 /* StrikePickerViewController.m */ = {isa = PBXFileReference; fileEncoding = 4; lastKnownFileType = sourcecode.c.objc; path = StrikePickerViewController.m; sourceTree = "<group>"; };
		0222DB2C1596D95100699D62 /* DipPickerViewController.h */ = {isa = PBXFileReference; fileEncoding = 4; lastKnownFileType = sourcecode.c.h; path = DipPickerViewController.h; sourceTree = "<group>"; };
		0222DB2D1596D95100699D62 /* DipPickerViewController.m */ = {isa = PBXFileReference; fileEncoding = 4; lastKnownFileType = sourcecode.c.objc; path = DipPickerViewController.m; sourceTree = "<group>"; };
		0222DB2F1596DCC600699D62 /* DipDirectionPickerViewController.h */ = {isa = PBXFileReference; fileEncoding = 4; lastKnownFileType = sourcecode.c.h; path = DipDirectionPickerViewController.h; sourceTree = "<group>"; };
		0222DB301596DCC600699D62 /* DipDirectionPickerViewController.m */ = {isa = PBXFileReference; fileEncoding = 4; lastKnownFileType = sourcecode.c.objc; path = DipDirectionPickerViewController.m; sourceTree = "<group>"; };
		023858651599233F00A0DB98 /* FormationFolderTableViewController.h */ = {isa = PBXFileReference; fileEncoding = 4; lastKnownFileType = sourcecode.c.h; path = FormationFolderTableViewController.h; sourceTree = "<group>"; };
		023858661599233F00A0DB98 /* FormationFolderTableViewController.m */ = {isa = PBXFileReference; fileEncoding = 4; lastKnownFileType = sourcecode.c.objc; path = FormationFolderTableViewController.m; sourceTree = "<group>"; };
		0238586815994DF100A0DB98 /* FormationFolderViewController.h */ = {isa = PBXFileReference; fileEncoding = 4; lastKnownFileType = sourcecode.c.h; path = FormationFolderViewController.h; sourceTree = "<group>"; };
		0238586915994DF200A0DB98 /* FormationFolderViewController.m */ = {isa = PBXFileReference; fileEncoding = 4; lastKnownFileType = sourcecode.c.objc; path = FormationFolderViewController.m; sourceTree = "<group>"; };
		0238586B1599540100A0DB98 /* Formation_Folder+Creation.h */ = {isa = PBXFileReference; fileEncoding = 4; lastKnownFileType = sourcecode.c.h; path = "Formation_Folder+Creation.h"; sourceTree = "<group>"; };
		0238586C1599540100A0DB98 /* Formation_Folder+Creation.m */ = {isa = PBXFileReference; fileEncoding = 4; lastKnownFileType = sourcecode.c.objc; path = "Formation_Folder+Creation.m"; sourceTree = "<group>"; };
		0238586E15995DB300A0DB98 /* Folder+Modification.h */ = {isa = PBXFileReference; fileEncoding = 4; lastKnownFileType = sourcecode.c.h; path = "Folder+Modification.h"; sourceTree = "<group>"; };
		0238586F15995DB300A0DB98 /* Folder+Modification.m */ = {isa = PBXFileReference; fileEncoding = 4; lastKnownFileType = sourcecode.c.objc; path = "Folder+Modification.m"; sourceTree = "<group>"; };
		0238587115995FB100A0DB98 /* Formation_Folder+Modification.h */ = {isa = PBXFileReference; fileEncoding = 4; lastKnownFileType = sourcecode.c.h; path = "Formation_Folder+Modification.h"; sourceTree = "<group>"; };
		0238587215995FB200A0DB98 /* Formation_Folder+Modification.m */ = {isa = PBXFileReference; fileEncoding = 4; lastKnownFileType = sourcecode.c.objc; path = "Formation_Folder+Modification.m"; sourceTree = "<group>"; };
		0238587415996B5B00A0DB98 /* FormationTableViewController.h */ = {isa = PBXFileReference; fileEncoding = 4; lastKnownFileType = sourcecode.c.h; path = FormationTableViewController.h; sourceTree = "<group>"; };
		0238587515996B5C00A0DB98 /* FormationTableViewController.m */ = {isa = PBXFileReference; fileEncoding = 4; lastKnownFileType = sourcecode.c.objc; path = FormationTableViewController.m; sourceTree = "<group>"; };
		0238587715996F4900A0DB98 /* FormationViewController.h */ = {isa = PBXFileReference; fileEncoding = 4; lastKnownFileType = sourcecode.c.h; path = FormationViewController.h; sourceTree = "<group>"; };
		0238587815996F4900A0DB98 /* FormationViewController.m */ = {isa = PBXFileReference; fileEncoding = 4; lastKnownFileType = sourcecode.c.objc; path = FormationViewController.m; sourceTree = "<group>"; };
		0238587A1599731F00A0DB98 /* Formation+Creation.h */ = {isa = PBXFileReference; fileEncoding = 4; lastKnownFileType = sourcecode.c.h; path = "Formation+Creation.h"; sourceTree = "<group>"; };
		0238587B1599731F00A0DB98 /* Formation+Creation.m */ = {isa = PBXFileReference; fileEncoding = 4; lastKnownFileType = sourcecode.c.objc; path = "Formation+Creation.m"; sourceTree = "<group>"; };
		0238587D1599747200A0DB98 /* Formation+Modification.h */ = {isa = PBXFileReference; fileEncoding = 4; lastKnownFileType = sourcecode.c.h; path = "Formation+Modification.h"; sourceTree = "<group>"; };
		0238587E1599747300A0DB98 /* Formation+Modification.m */ = {isa = PBXFileReference; fileEncoding = 4; lastKnownFileType = sourcecode.c.objc; path = "Formation+Modification.m"; sourceTree = "<group>"; };
		0238588415999F0F00A0DB98 /* HomeViewController.h */ = {isa = PBXFileReference; fileEncoding = 4; lastKnownFileType = sourcecode.c.h; path = HomeViewController.h; sourceTree = "<group>"; };
		0238588515999F0F00A0DB98 /* HomeViewController.m */ = {isa = PBXFileReference; fileEncoding = 4; lastKnownFileType = sourcecode.c.objc; path = HomeViewController.m; sourceTree = "<group>"; };
		023858871599A0CC00A0DB98 /* HomeMasterViewController.h */ = {isa = PBXFileReference; fileEncoding = 4; lastKnownFileType = sourcecode.c.h; path = HomeMasterViewController.h; sourceTree = "<group>"; };
		023858881599A0CD00A0DB98 /* HomeMasterViewController.m */ = {isa = PBXFileReference; fileEncoding = 4; lastKnownFileType = sourcecode.c.objc; path = HomeMasterViewController.m; sourceTree = "<group>"; };
		02712A4A159D010500510188 /* Bedding.h */ = {isa = PBXFileReference; fileEncoding = 4; lastKnownFileType = sourcecode.c.h; path = Bedding.h; sourceTree = "<group>"; };
		02712A4B159D010500510188 /* Bedding.m */ = {isa = PBXFileReference; fileEncoding = 4; lastKnownFileType = sourcecode.c.objc; path = Bedding.m; sourceTree = "<group>"; };
		02712A4E159D011300510188 /* Contact.h */ = {isa = PBXFileReference; fileEncoding = 4; lastKnownFileType = sourcecode.c.h; path = Contact.h; sourceTree = "<group>"; };
		02712A4F159D011300510188 /* Contact.m */ = {isa = PBXFileReference; fileEncoding = 4; lastKnownFileType = sourcecode.c.objc; path = Contact.m; sourceTree = "<group>"; };
		02712A51159D012100510188 /* Fault.h */ = {isa = PBXFileReference; fileEncoding = 4; lastKnownFileType = sourcecode.c.h; path = Fault.h; sourceTree = "<group>"; };
		02712A52159D012100510188 /* Fault.m */ = {isa = PBXFileReference; fileEncoding = 4; lastKnownFileType = sourcecode.c.objc; path = Fault.m; sourceTree = "<group>"; };
		02712A54159D012F00510188 /* JointSet.h */ = {isa = PBXFileReference; fileEncoding = 4; lastKnownFileType = sourcecode.c.h; path = JointSet.h; sourceTree = "<group>"; };
		02712A55159D012F00510188 /* JointSet.m */ = {isa = PBXFileReference; fileEncoding = 4; lastKnownFileType = sourcecode.c.objc; path = JointSet.m; sourceTree = "<group>"; };
		02712A57159D013D00510188 /* Other.h */ = {isa = PBXFileReference; fileEncoding = 4; lastKnownFileType = sourcecode.c.h; path = Other.h; sourceTree = "<group>"; };
		02712A58159D013D00510188 /* Other.m */ = {isa = PBXFileReference; fileEncoding = 4; lastKnownFileType = sourcecode.c.objc; path = Other.m; sourceTree = "<group>"; };
		0294E091159361060025219F /* GeoFieldBook.app */ = {isa = PBXFileReference; explicitFileType = wrapper.application; includeInIndex = 0; path = GeoFieldBook.app; sourceTree = BUILT_PRODUCTS_DIR; };
		0294E095159361060025219F /* UIKit.framework */ = {isa = PBXFileReference; lastKnownFileType = wrapper.framework; name = UIKit.framework; path = System/Library/Frameworks/UIKit.framework; sourceTree = SDKROOT; };
		0294E097159361060025219F /* Foundation.framework */ = {isa = PBXFileReference; lastKnownFileType = wrapper.framework; name = Foundation.framework; path = System/Library/Frameworks/Foundation.framework; sourceTree = SDKROOT; };
		0294E099159361060025219F /* CoreGraphics.framework */ = {isa = PBXFileReference; lastKnownFileType = wrapper.framework; name = CoreGraphics.framework; path = System/Library/Frameworks/CoreGraphics.framework; sourceTree = SDKROOT; };
		0294E09D159361060025219F /* GeoFieldBook-Info.plist */ = {isa = PBXFileReference; lastKnownFileType = text.plist.xml; path = "GeoFieldBook-Info.plist"; sourceTree = "<group>"; };
		0294E09F159361060025219F /* en */ = {isa = PBXFileReference; lastKnownFileType = text.plist.strings; name = en; path = en.lproj/InfoPlist.strings; sourceTree = "<group>"; };
		0294E0A1159361060025219F /* main.m */ = {isa = PBXFileReference; lastKnownFileType = sourcecode.c.objc; path = main.m; sourceTree = "<group>"; };
		0294E0A3159361060025219F /* GeoFieldBook-Prefix.pch */ = {isa = PBXFileReference; lastKnownFileType = sourcecode.c.h; path = "GeoFieldBook-Prefix.pch"; sourceTree = "<group>"; };
		0294E0A4159361060025219F /* GeoFieldBookAppDelegate.h */ = {isa = PBXFileReference; lastKnownFileType = sourcecode.c.h; path = GeoFieldBookAppDelegate.h; sourceTree = "<group>"; };
		0294E0A5159361060025219F /* GeoFieldBookAppDelegate.m */ = {isa = PBXFileReference; lastKnownFileType = sourcecode.c.objc; path = GeoFieldBookAppDelegate.m; sourceTree = "<group>"; };
		0294E0A8159361060025219F /* en */ = {isa = PBXFileReference; lastKnownFileType = file.storyboard; name = en; path = en.lproj/iPad.storyboard; sourceTree = "<group>"; };
		0294E0B2159361060025219F /* GeoFieldBookTests.octest */ = {isa = PBXFileReference; explicitFileType = wrapper.cfbundle; includeInIndex = 0; path = GeoFieldBookTests.octest; sourceTree = BUILT_PRODUCTS_DIR; };
		0294E0B3159361060025219F /* SenTestingKit.framework */ = {isa = PBXFileReference; lastKnownFileType = wrapper.framework; name = SenTestingKit.framework; path = Library/Frameworks/SenTestingKit.framework; sourceTree = DEVELOPER_DIR; };
		0294E0BB159361060025219F /* GeoFieldBookTests-Info.plist */ = {isa = PBXFileReference; lastKnownFileType = text.plist.xml; path = "GeoFieldBookTests-Info.plist"; sourceTree = "<group>"; };
		0294E0BD159361060025219F /* en */ = {isa = PBXFileReference; lastKnownFileType = text.plist.strings; name = en; path = en.lproj/InfoPlist.strings; sourceTree = "<group>"; };
		0294E0BF159361060025219F /* GeoFieldBookTests.h */ = {isa = PBXFileReference; lastKnownFileType = sourcecode.c.h; path = GeoFieldBookTests.h; sourceTree = "<group>"; };
		0294E0C0159361060025219F /* GeoFieldBookTests.m */ = {isa = PBXFileReference; lastKnownFileType = sourcecode.c.objc; path = GeoFieldBookTests.m; sourceTree = "<group>"; };
		0294E0CA159361F50025219F /* CoreData.framework */ = {isa = PBXFileReference; lastKnownFileType = wrapper.framework; name = CoreData.framework; path = System/Library/Frameworks/CoreData.framework; sourceTree = SDKROOT; };
		0294E0CC159362040025219F /* MapKit.framework */ = {isa = PBXFileReference; lastKnownFileType = wrapper.framework; name = MapKit.framework; path = System/Library/Frameworks/MapKit.framework; sourceTree = SDKROOT; };
		0294E0CE1593620B0025219F /* CoreLocation.framework */ = {isa = PBXFileReference; lastKnownFileType = wrapper.framework; name = CoreLocation.framework; path = System/Library/Frameworks/CoreLocation.framework; sourceTree = SDKROOT; };
		0294E0D3159362FC0025219F /* GeoFieldBook.xcdatamodel */ = {isa = PBXFileReference; lastKnownFileType = wrapper.xcdatamodel; path = GeoFieldBook.xcdatamodel; sourceTree = "<group>"; };
		029877F6159566E0000D71E7 /* Record+Creation.h */ = {isa = PBXFileReference; fileEncoding = 4; lastKnownFileType = sourcecode.c.h; path = "Record+Creation.h"; sourceTree = "<group>"; };
		029877F7159566E0000D71E7 /* Record+Creation.m */ = {isa = PBXFileReference; fileEncoding = 4; lastKnownFileType = sourcecode.c.objc; path = "Record+Creation.m"; sourceTree = "<group>"; };
		029877F91595740C000D71E7 /* InitialDetailViewController.h */ = {isa = PBXFileReference; fileEncoding = 4; lastKnownFileType = sourcecode.c.h; path = InitialDetailViewController.h; sourceTree = "<group>"; };
		029877FA1595740C000D71E7 /* InitialDetailViewController.m */ = {isa = PBXFileReference; fileEncoding = 4; lastKnownFileType = sourcecode.c.objc; path = InitialDetailViewController.m; sourceTree = "<group>"; };
		029877FD1595955E000D71E7 /* RecordVCBackground.jpg */ = {isa = PBXFileReference; lastKnownFileType = image.jpeg; path = RecordVCBackground.jpg; sourceTree = "<group>"; };
		0298C25A159B43F30038E89C /* Record+Validation.h */ = {isa = PBXFileReference; fileEncoding = 4; lastKnownFileType = sourcecode.c.h; path = "Record+Validation.h"; sourceTree = "<group>"; };
		0298C25B159B43F30038E89C /* Record+Validation.m */ = {isa = PBXFileReference; fileEncoding = 4; lastKnownFileType = sourcecode.c.objc; path = "Record+Validation.m"; sourceTree = "<group>"; };
		0298C25D159B45650038E89C /* Record+NameEncoding.h */ = {isa = PBXFileReference; fileEncoding = 4; lastKnownFileType = sourcecode.c.h; path = "Record+NameEncoding.h"; sourceTree = "<group>"; };
		0298C25E159B45650038E89C /* Record+NameEncoding.m */ = {isa = PBXFileReference; fileEncoding = 4; lastKnownFileType = sourcecode.c.objc; path = "Record+NameEncoding.m"; sourceTree = "<group>"; };
		2132A5D2159CD26100009CB9 /* Record.h */ = {isa = PBXFileReference; fileEncoding = 4; lastKnownFileType = sourcecode.c.h; path = Record.h; sourceTree = "<group>"; };
		2132A5D3159CD26100009CB9 /* Record.m */ = {isa = PBXFileReference; fileEncoding = 4; lastKnownFileType = sourcecode.c.objc; path = Record.m; sourceTree = "<group>"; };
		2132A5D5159CD26200009CB9 /* Image.h */ = {isa = PBXFileReference; fileEncoding = 4; lastKnownFileType = sourcecode.c.h; path = Image.h; sourceTree = "<group>"; };
		2132A5D6159CD26200009CB9 /* Image.m */ = {isa = PBXFileReference; fileEncoding = 4; lastKnownFileType = sourcecode.c.objc; path = Image.m; sourceTree = "<group>"; };
		2132A5D8159CD62200009CB9 /* Image+Creation.h */ = {isa = PBXFileReference; fileEncoding = 4; lastKnownFileType = sourcecode.c.h; name = "Image+Creation.h"; path = "Image/Image+Creation.h"; sourceTree = "<group>"; };
		2132A5D9159CD62200009CB9 /* Image+Creation.m */ = {isa = PBXFileReference; fileEncoding = 4; lastKnownFileType = sourcecode.c.objc; name = "Image+Creation.m"; path = "Image/Image+Creation.m"; sourceTree = "<group>"; };
		2141DC18159CA275002518F9 /* libcommonCrypto.dylib */ = {isa = PBXFileReference; lastKnownFileType = "compiled.mach-o.dylib"; name = libcommonCrypto.dylib; path = usr/lib/system/libcommonCrypto.dylib; sourceTree = SDKROOT; };
		21A87A11159CAAFD001A220E /* Record+DateAndTimeFormatter.h */ = {isa = PBXFileReference; fileEncoding = 4; lastKnownFileType = sourcecode.c.h; path = "Record+DateAndTimeFormatter.h"; sourceTree = "<group>"; };
		21A87A12159CAAFE001A220E /* Record+DateAndTimeFormatter.m */ = {isa = PBXFileReference; fileEncoding = 4; lastKnownFileType = sourcecode.c.objc; path = "Record+DateAndTimeFormatter.m"; sourceTree = "<group>"; };
		21B1FEEE159B58C200868F62 /* CustomRecordCell.h */ = {isa = PBXFileReference; fileEncoding = 4; lastKnownFileType = sourcecode.c.h; path = CustomRecordCell.h; sourceTree = "<group>"; };
		21B1FEEF159B58C200868F62 /* CustomRecordCell.m */ = {isa = PBXFileReference; fileEncoding = 4; lastKnownFileType = sourcecode.c.objc; path = CustomRecordCell.m; sourceTree = "<group>"; };
		21C309E0159B6C800066FC9B /* MobileCoreServices.framework */ = {isa = PBXFileReference; lastKnownFileType = wrapper.framework; name = MobileCoreServices.framework; path = System/Library/Frameworks/MobileCoreServices.framework; sourceTree = SDKROOT; };
/* End PBXFileReference section */

/* Begin PBXFrameworksBuildPhase section */
		0294E08E159361060025219F /* Frameworks */ = {
			isa = PBXFrameworksBuildPhase;
			buildActionMask = 2147483647;
			files = (
				21C309E1159B6C800066FC9B /* MobileCoreServices.framework in Frameworks */,
				0294E0CF1593620B0025219F /* CoreLocation.framework in Frameworks */,
				0294E0CD159362040025219F /* MapKit.framework in Frameworks */,
				0294E0CB159361F50025219F /* CoreData.framework in Frameworks */,
				0294E096159361060025219F /* UIKit.framework in Frameworks */,
				0294E098159361060025219F /* Foundation.framework in Frameworks */,
				0294E09A159361060025219F /* CoreGraphics.framework in Frameworks */,
			);
			runOnlyForDeploymentPostprocessing = 0;
		};
		0294E0AE159361060025219F /* Frameworks */ = {
			isa = PBXFrameworksBuildPhase;
			buildActionMask = 2147483647;
			files = (
				0294E0B4159361060025219F /* SenTestingKit.framework in Frameworks */,
				0294E0B5159361060025219F /* UIKit.framework in Frameworks */,
				0294E0B6159361060025219F /* Foundation.framework in Frameworks */,
			);
			runOnlyForDeploymentPostprocessing = 0;
		};
/* End PBXFrameworksBuildPhase section */

/* Begin PBXGroup section */
		020EBB5C15941F8300EECC08 /* View Controller Prototypes */ = {
			isa = PBXGroup;
			children = (
				020EBB931594217A00EECC08 /* CoreDataTableViewController.h */,
				020EBB941594217A00EECC08 /* CoreDataTableViewController.m */,
				0222DB221596B40C00699D62 /* PickerViewController.h */,
				0222DB231596B40C00699D62 /* PickerViewController.m */,
			);
			name = "View Controller Prototypes";
			sourceTree = "<group>";
		};
		020EBB961594255700EECC08 /* Library */ = {
			isa = PBXGroup;
			children = (
				020EBB971594259900EECC08 /* GeoDatabaseManager.h */,
				020EBB981594259900EECC08 /* GeoDatabaseManager.m */,
				020EBBAD15944F4500EECC08 /* TextInputFilter.h */,
				020EBBAE15944F4500EECC08 /* TextInputFilter.m */,
			);
			name = Library;
			sourceTree = "<group>";
		};
		020EBB9A15942C7900EECC08 /* Master View Controllers */ = {
			isa = PBXGroup;
			children = (
				023858871599A0CC00A0DB98 /* HomeMasterViewController.h */,
				023858881599A0CD00A0DB98 /* HomeMasterViewController.m */,
				020EBB5815941F7C00EECC08 /* FolderTableViewController.h */,
				020EBB5915941F7C00EECC08 /* FolderTableViewController.m */,
				020EBBB81594611A00EECC08 /* RecordTableViewController.h */,
				020EBBB91594611A00EECC08 /* RecordTableViewController.m */,
				020EBB9F15942E8800EECC08 /* ModalFolderViewController.h */,
				020EBBA015942E8800EECC08 /* ModalFolderViewController.m */,
				020EBBBF159467F100EECC08 /* ModalRecordTypeSelector.h */,
				020EBBC0159467F100EECC08 /* ModalRecordTypeSelector.m */,
				023858651599233F00A0DB98 /* FormationFolderTableViewController.h */,
				023858661599233F00A0DB98 /* FormationFolderTableViewController.m */,
				0238586815994DF100A0DB98 /* FormationFolderViewController.h */,
				0238586915994DF200A0DB98 /* FormationFolderViewController.m */,
				0238587415996B5B00A0DB98 /* FormationTableViewController.h */,
				0238587515996B5C00A0DB98 /* FormationTableViewController.m */,
				0238587715996F4900A0DB98 /* FormationViewController.h */,
				0238587815996F4900A0DB98 /* FormationViewController.m */,
			);
			name = "Master View Controllers";
			sourceTree = "<group>";
		};
		020EBB9B15942C8F00EECC08 /* Detail View Controllers */ = {
			isa = PBXGroup;
			children = (
				0238588415999F0F00A0DB98 /* HomeViewController.h */,
				0238588515999F0F00A0DB98 /* HomeViewController.m */,
				029877F91595740C000D71E7 /* InitialDetailViewController.h */,
				029877FA1595740C000D71E7 /* InitialDetailViewController.m */,
				020EBB9C15942CBB00EECC08 /* RecordViewController.h */,
				020EBB9D15942CBB00EECC08 /* RecordViewController.m */,
			);
			name = "Detail View Controllers";
			sourceTree = "<group>";
		};
		0222DB251596B9B200699D62 /* Picker View Controllers */ = {
			isa = PBXGroup;
			children = (
				0222DB261596B9ED00699D62 /* FormationPickerViewController.h */,
				0222DB271596B9ED00699D62 /* FormationPickerViewController.m */,
				0221BDDF159A58EA0058C792 /* FormationFolderPickerViewController.h */,
				0221BDE0159A58EA0058C792 /* FormationFolderPickerViewController.m */,
				0222DB291596BF2800699D62 /* StrikePickerViewController.h */,
				0222DB2A1596BF2800699D62 /* StrikePickerViewController.m */,
				0222DB2C1596D95100699D62 /* DipPickerViewController.h */,
				0222DB2D1596D95100699D62 /* DipPickerViewController.m */,
				0222DB2F1596DCC600699D62 /* DipDirectionPickerViewController.h */,
				0222DB301596DCC600699D62 /* DipDirectionPickerViewController.m */,
				020F06FA15982E570006B53B /* TrendPickerViewController.h */,
				020F06FB15982E570006B53B /* TrendPickerViewController.m */,
				020F06FD15982ED10006B53B /* PlungePickerViewController.h */,
				020F06FE15982ED10006B53B /* PlungePickerViewController.m */,
			);
			name = "Picker View Controllers";
			sourceTree = "<group>";
		};
		024097A2159D373F00855D33 /* Custom Views */ = {
			isa = PBXGroup;
			children = (
				21B1FEEE159B58C200868F62 /* CustomRecordCell.h */,
				21B1FEEF159B58C200868F62 /* CustomRecordCell.m */,
			);
			name = "Custom Views";
			sourceTree = "<group>";
		};
		0294E086159361060025219F = {
			isa = PBXGroup;
			children = (
				0294E09B159361060025219F /* GeoFieldBook */,
				0294E0B9159361060025219F /* GeoFieldBookTests */,
				0294E094159361060025219F /* Frameworks */,
				0294E092159361060025219F /* Products */,
			);
			sourceTree = "<group>";
		};
		0294E092159361060025219F /* Products */ = {
			isa = PBXGroup;
			children = (
				0294E091159361060025219F /* GeoFieldBook.app */,
				0294E0B2159361060025219F /* GeoFieldBookTests.octest */,
			);
			name = Products;
			sourceTree = "<group>";
		};
		0294E094159361060025219F /* Frameworks */ = {
			isa = PBXGroup;
			children = (
				2141DC18159CA275002518F9 /* libcommonCrypto.dylib */,
				21C309E0159B6C800066FC9B /* MobileCoreServices.framework */,
				0294E0CE1593620B0025219F /* CoreLocation.framework */,
				0294E0CC159362040025219F /* MapKit.framework */,
				0294E0CA159361F50025219F /* CoreData.framework */,
				0294E095159361060025219F /* UIKit.framework */,
				0294E097159361060025219F /* Foundation.framework */,
				0294E099159361060025219F /* CoreGraphics.framework */,
				0294E0B3159361060025219F /* SenTestingKit.framework */,
			);
			name = Frameworks;
			sourceTree = "<group>";
		};
		0294E09B159361060025219F /* GeoFieldBook */ = {
			isa = PBXGroup;
			children = (
				0294E0A7159361060025219F /* iPad.storyboard */,
				020EBB9A15942C7900EECC08 /* Master View Controllers */,
				020EBB9B15942C8F00EECC08 /* Detail View Controllers */,
				0222DB251596B9B200699D62 /* Picker View Controllers */,
				024097A2159D373F00855D33 /* Custom Views */,
				029877FC1595954D000D71E7 /* Images */,
				020EBB5C15941F8300EECC08 /* View Controller Prototypes */,
				029877F015955CB2000D71E7 /* Protocols */,
				020EBB961594255700EECC08 /* Library */,
				0294E0D1159362D20025219F /* Database */,
				0294E09C159361060025219F /* Supporting Files */,
			);
			path = GeoFieldBook;
			sourceTree = "<group>";
		};
		0294E09C159361060025219F /* Supporting Files */ = {
			isa = PBXGroup;
			children = (
				0294E0A4159361060025219F /* GeoFieldBookAppDelegate.h */,
				0294E0A5159361060025219F /* GeoFieldBookAppDelegate.m */,
				0294E09D159361060025219F /* GeoFieldBook-Info.plist */,
				0294E09E159361060025219F /* InfoPlist.strings */,
				0294E0A1159361060025219F /* main.m */,
				0294E0A3159361060025219F /* GeoFieldBook-Prefix.pch */,
			);
			name = "Supporting Files";
			sourceTree = "<group>";
		};
		0294E0B9159361060025219F /* GeoFieldBookTests */ = {
			isa = PBXGroup;
			children = (
				0294E0BF159361060025219F /* GeoFieldBookTests.h */,
				0294E0C0159361060025219F /* GeoFieldBookTests.m */,
				0294E0BA159361060025219F /* Supporting Files */,
			);
			path = GeoFieldBookTests;
			sourceTree = "<group>";
		};
		0294E0BA159361060025219F /* Supporting Files */ = {
			isa = PBXGroup;
			children = (
				0294E0BB159361060025219F /* GeoFieldBookTests-Info.plist */,
				0294E0BC159361060025219F /* InfoPlist.strings */,
			);
			name = "Supporting Files";
			sourceTree = "<group>";
		};
		0294E0D1159362D20025219F /* Database */ = {
			isa = PBXGroup;
			children = (
				0294E0D2159362FC0025219F /* GeoFieldBook.xcdatamodeld */,
				0294E0D5159363050025219F /* NSManagedObject */,
			);
			name = Database;
			sourceTree = "<group>";
		};
		0294E0D5159363050025219F /* NSManagedObject */ = {
			isa = PBXGroup;
			children = (
				02712A57159D013D00510188 /* Other.h */,
				02712A58159D013D00510188 /* Other.m */,
				2132A5DB159CD63500009CB9 /* Image */,
				0298C253159B432A0038E89C /* Bedding */,
				0298C254159B433A0038E89C /* Contact */,
				0298C258159B43860038E89C /* Fault */,
				0298C255159B43480038E89C /* Folder */,
				0298C251159B43170038E89C /* Formation */,
				0298C259159B43910038E89C /* Formation Folder */,
				0298C257159B43790038E89C /* JointSet */,
				0298C256159B435B0038E89C /* Record */,
			);
			name = NSManagedObject;
			sourceTree = "<group>";
		};
		029877F015955CB2000D71E7 /* Protocols */ = {
			isa = PBXGroup;
			children = (
				0205E2B615954D02007D3B80 /* UISplitViewBarButtonPresenter.h */,
			);
			name = Protocols;
			sourceTree = "<group>";
		};
		029877FC1595954D000D71E7 /* Images */ = {
			isa = PBXGroup;
			children = (
				029877FD1595955E000D71E7 /* RecordVCBackground.jpg */,
				0222DB1B1596487800699D62 /* GeoFieldBookFrontPage.png */,
			);
			name = Images;
			sourceTree = "<group>";
		};
		0298C251159B43170038E89C /* Formation */ = {
			isa = PBXGroup;
			children = (
				0205C7AA159CD79900CA1223 /* Formation.h */,
				0205C7AB159CD79900CA1223 /* Formation.m */,
				0238587A1599731F00A0DB98 /* Formation+Creation.h */,
				0238587B1599731F00A0DB98 /* Formation+Creation.m */,
				0238587D1599747200A0DB98 /* Formation+Modification.h */,
				0238587E1599747300A0DB98 /* Formation+Modification.m */,
			);
			name = Formation;
			sourceTree = "<group>";
		};
		0298C253159B432A0038E89C /* Bedding */ = {
			isa = PBXGroup;
			children = (
				02712A4A159D010500510188 /* Bedding.h */,
				02712A4B159D010500510188 /* Bedding.m */,
				0222DB0515961ED900699D62 /* Bedding+Modification.h */,
				0222DB0615961ED900699D62 /* Bedding+Modification.m */,
			);
			name = Bedding;
			sourceTree = "<group>";
		};
		0298C254159B433A0038E89C /* Contact */ = {
			isa = PBXGroup;
			children = (
				02712A4E159D011300510188 /* Contact.h */,
				02712A4F159D011300510188 /* Contact.m */,
				0222DB0E159622DC00699D62 /* Contact+Modification.h */,
				0222DB0F159622DC00699D62 /* Contact+Modification.m */,
			);
			name = Contact;
			sourceTree = "<group>";
		};
		0298C255159B43480038E89C /* Folder */ = {
			isa = PBXGroup;
			children = (
				0221BDE9159A8CFA0058C792 /* Folder.h */,
				0221BDEA159A8CFA0058C792 /* Folder.m */,
				020EBBA21594355800EECC08 /* Folder+Creation.h */,
				020EBBA31594355800EECC08 /* Folder+Creation.m */,
				0238586E15995DB300A0DB98 /* Folder+Modification.h */,
				0238586F15995DB300A0DB98 /* Folder+Modification.m */,
				0221BDE3159A88170058C792 /* Folder+DictionaryKeys.h */,
				0221BDE4159A88170058C792 /* Folder+DictionaryKeys.m */,
			);
			name = Folder;
			sourceTree = "<group>";
		};
		0298C256159B435B0038E89C /* Record */ = {
			isa = PBXGroup;
			children = (
				2132A5D2159CD26100009CB9 /* Record.h */,
				2132A5D3159CD26100009CB9 /* Record.m */,
				0222DB0215961D5D00699D62 /* Record+Modification.h */,
				0222DB0315961D5D00699D62 /* Record+Modification.m */,
				0222DAFE15961D0D00699D62 /* Record+DictionaryKeys.h */,
				0222DAFF15961D0D00699D62 /* Record+DictionaryKeys.m */,
				029877F6159566E0000D71E7 /* Record+Creation.h */,
				029877F7159566E0000D71E7 /* Record+Creation.m */,
				020EBBC215946B3D00EECC08 /* Record+Types.h */,
				020EBBC315946B3D00EECC08 /* Record+Types.m */,
				0298C25A159B43F30038E89C /* Record+Validation.h */,
				0298C25B159B43F30038E89C /* Record+Validation.m */,
				0298C25D159B45650038E89C /* Record+NameEncoding.h */,
				0298C25E159B45650038E89C /* Record+NameEncoding.m */,
				21A87A11159CAAFD001A220E /* Record+DateAndTimeFormatter.h */,
				21A87A12159CAAFE001A220E /* Record+DateAndTimeFormatter.m */,
			);
			name = Record;
			sourceTree = "<group>";
		};
		0298C257159B43790038E89C /* JointSet */ = {
			isa = PBXGroup;
			children = (
				02712A54159D012F00510188 /* JointSet.h */,
				02712A55159D012F00510188 /* JointSet.m */,
				0222DB141596305400699D62 /* JointSet+Description.h */,
				0222DB151596305400699D62 /* JointSet+Description.m */,
				0222DB0B1596229E00699D62 /* JointSet+Modification.h */,
				0222DB0C1596229F00699D62 /* JointSet+Modification.m */,
			);
			name = JointSet;
			sourceTree = "<group>";
		};
		0298C258159B43860038E89C /* Fault */ = {
			isa = PBXGroup;
			children = (
				02712A51159D012100510188 /* Fault.h */,
				02712A52159D012100510188 /* Fault.m */,
				0222DB081596204300699D62 /* Fault+Modification.h */,
				0222DB091596204300699D62 /* Fault+Modification.m */,
			);
			name = Fault;
			sourceTree = "<group>";
		};
		0298C259159B43910038E89C /* Formation Folder */ = {
			isa = PBXGroup;
			children = (
				020EBB7B15941FB400EECC08 /* Formation_Folder.h */,
				020EBB7C15941FB400EECC08 /* Formation_Folder.m */,
				0238586B1599540100A0DB98 /* Formation_Folder+Creation.h */,
				0238586C1599540100A0DB98 /* Formation_Folder+Creation.m */,
				0238587115995FB100A0DB98 /* Formation_Folder+Modification.h */,
				0238587215995FB200A0DB98 /* Formation_Folder+Modification.m */,
			);
			name = "Formation Folder";
			sourceTree = "<group>";
		};
		2132A5DB159CD63500009CB9 /* Image */ = {
			isa = PBXGroup;
			children = (
				2132A5D5159CD26200009CB9 /* Image.h */,
				2132A5D6159CD26200009CB9 /* Image.m */,
				2132A5D8159CD62200009CB9 /* Image+Creation.h */,
				2132A5D9159CD62200009CB9 /* Image+Creation.m */,
			);
			name = Image;
			sourceTree = "<group>";
		};
/* End PBXGroup section */

/* Begin PBXNativeTarget section */
		0294E090159361060025219F /* GeoFieldBook */ = {
			isa = PBXNativeTarget;
			buildConfigurationList = 0294E0C4159361060025219F /* Build configuration list for PBXNativeTarget "GeoFieldBook" */;
			buildPhases = (
				0294E08D159361060025219F /* Sources */,
				0294E08E159361060025219F /* Frameworks */,
				0294E08F159361060025219F /* Resources */,
			);
			buildRules = (
			);
			dependencies = (
			);
			name = GeoFieldBook;
			productName = GeoFieldBook;
			productReference = 0294E091159361060025219F /* GeoFieldBook.app */;
			productType = "com.apple.product-type.application";
		};
		0294E0B1159361060025219F /* GeoFieldBookTests */ = {
			isa = PBXNativeTarget;
			buildConfigurationList = 0294E0C7159361060025219F /* Build configuration list for PBXNativeTarget "GeoFieldBookTests" */;
			buildPhases = (
				0294E0AD159361060025219F /* Sources */,
				0294E0AE159361060025219F /* Frameworks */,
				0294E0AF159361060025219F /* Resources */,
				0294E0B0159361060025219F /* ShellScript */,
			);
			buildRules = (
			);
			dependencies = (
				0294E0B8159361060025219F /* PBXTargetDependency */,
			);
			name = GeoFieldBookTests;
			productName = GeoFieldBookTests;
			productReference = 0294E0B2159361060025219F /* GeoFieldBookTests.octest */;
			productType = "com.apple.product-type.bundle";
		};
/* End PBXNativeTarget section */

/* Begin PBXProject section */
		0294E088159361060025219F /* Project object */ = {
			isa = PBXProject;
			attributes = {
				LastUpgradeCheck = 0430;
				ORGANIZATIONNAME = "Lafayette College";
			};
			buildConfigurationList = 0294E08B159361060025219F /* Build configuration list for PBXProject "GeoFieldBook" */;
			compatibilityVersion = "Xcode 3.2";
			developmentRegion = English;
			hasScannedForEncodings = 0;
			knownRegions = (
				en,
			);
			mainGroup = 0294E086159361060025219F;
			productRefGroup = 0294E092159361060025219F /* Products */;
			projectDirPath = "";
			projectRoot = "";
			targets = (
				0294E090159361060025219F /* GeoFieldBook */,
				0294E0B1159361060025219F /* GeoFieldBookTests */,
			);
		};
/* End PBXProject section */

/* Begin PBXResourcesBuildPhase section */
		0294E08F159361060025219F /* Resources */ = {
			isa = PBXResourcesBuildPhase;
			buildActionMask = 2147483647;
			files = (
				0294E0A0159361060025219F /* InfoPlist.strings in Resources */,
				0294E0A9159361060025219F /* iPad.storyboard in Resources */,
				029877FE1595955E000D71E7 /* RecordVCBackground.jpg in Resources */,
				0222DB1C1596487800699D62 /* GeoFieldBookFrontPage.png in Resources */,
			);
			runOnlyForDeploymentPostprocessing = 0;
		};
		0294E0AF159361060025219F /* Resources */ = {
			isa = PBXResourcesBuildPhase;
			buildActionMask = 2147483647;
			files = (
				0294E0BE159361060025219F /* InfoPlist.strings in Resources */,
			);
			runOnlyForDeploymentPostprocessing = 0;
		};
/* End PBXResourcesBuildPhase section */

/* Begin PBXShellScriptBuildPhase section */
		0294E0B0159361060025219F /* ShellScript */ = {
			isa = PBXShellScriptBuildPhase;
			buildActionMask = 2147483647;
			files = (
			);
			inputPaths = (
			);
			outputPaths = (
			);
			runOnlyForDeploymentPostprocessing = 0;
			shellPath = /bin/sh;
			shellScript = "# Run the unit tests in this test bundle.\n\"${SYSTEM_DEVELOPER_DIR}/Tools/RunUnitTests\"\n";
		};
/* End PBXShellScriptBuildPhase section */

/* Begin PBXSourcesBuildPhase section */
		0294E08D159361060025219F /* Sources */ = {
			isa = PBXSourcesBuildPhase;
			buildActionMask = 2147483647;
			files = (
				0294E0A2159361060025219F /* main.m in Sources */,
				0294E0A6159361060025219F /* GeoFieldBookAppDelegate.m in Sources */,
				0294E0D4159362FC0025219F /* GeoFieldBook.xcdatamodeld in Sources */,
				020EBB5A15941F7C00EECC08 /* FolderTableViewController.m in Sources */,
				020EBB7D15941FB400EECC08 /* Formation_Folder.m in Sources */,
				020EBB951594217A00EECC08 /* CoreDataTableViewController.m in Sources */,
				020EBB991594259900EECC08 /* GeoDatabaseManager.m in Sources */,
				020EBB9E15942CBB00EECC08 /* RecordViewController.m in Sources */,
				020EBBA115942E8800EECC08 /* ModalFolderViewController.m in Sources */,
				020EBBA41594355800EECC08 /* Folder+Creation.m in Sources */,
				020EBBAF15944F4500EECC08 /* TextInputFilter.m in Sources */,
				020EBBBA1594611A00EECC08 /* RecordTableViewController.m in Sources */,
				020EBBC1159467F200EECC08 /* ModalRecordTypeSelector.m in Sources */,
				020EBBC415946B3D00EECC08 /* Record+Types.m in Sources */,
				029877F8159566E0000D71E7 /* Record+Creation.m in Sources */,
				029877FB1595740C000D71E7 /* InitialDetailViewController.m in Sources */,
				0222DB0015961D0D00699D62 /* Record+DictionaryKeys.m in Sources */,
				0222DB0415961D5D00699D62 /* Record+Modification.m in Sources */,
				0222DB0715961ED900699D62 /* Bedding+Modification.m in Sources */,
				0222DB0A1596204400699D62 /* Fault+Modification.m in Sources */,
				0222DB0D1596229F00699D62 /* JointSet+Modification.m in Sources */,
				0222DB10159622DD00699D62 /* Contact+Modification.m in Sources */,
				0222DB161596305500699D62 /* JointSet+Description.m in Sources */,
				0222DB241596B40C00699D62 /* PickerViewController.m in Sources */,
				0222DB281596B9ED00699D62 /* FormationPickerViewController.m in Sources */,
				0222DB2B1596BF2800699D62 /* StrikePickerViewController.m in Sources */,
				0222DB2E1596D95100699D62 /* DipPickerViewController.m in Sources */,
				0222DB311596DCC600699D62 /* DipDirectionPickerViewController.m in Sources */,
				020F06FC15982E570006B53B /* TrendPickerViewController.m in Sources */,
				020F06FF15982ED20006B53B /* PlungePickerViewController.m in Sources */,
				023858671599233F00A0DB98 /* FormationFolderTableViewController.m in Sources */,
				0238586A15994DF200A0DB98 /* FormationFolderViewController.m in Sources */,
				0238586D1599540100A0DB98 /* Formation_Folder+Creation.m in Sources */,
				0238587015995DB400A0DB98 /* Folder+Modification.m in Sources */,
				0238587315995FB200A0DB98 /* Formation_Folder+Modification.m in Sources */,
				0238587615996B5C00A0DB98 /* FormationTableViewController.m in Sources */,
				0238587915996F4A00A0DB98 /* FormationViewController.m in Sources */,
				0238587C1599732000A0DB98 /* Formation+Creation.m in Sources */,
				0238587F1599747400A0DB98 /* Formation+Modification.m in Sources */,
				0238588615999F0F00A0DB98 /* HomeViewController.m in Sources */,
				023858891599A0CD00A0DB98 /* HomeMasterViewController.m in Sources */,
				0221BDE1159A58EA0058C792 /* FormationFolderPickerViewController.m in Sources */,
				0221BDE5159A88170058C792 /* Folder+DictionaryKeys.m in Sources */,
				0221BDEB159A8CFC0058C792 /* Folder.m in Sources */,
				0298C25C159B43F30038E89C /* Record+Validation.m in Sources */,
				0298C25F159B45650038E89C /* Record+NameEncoding.m in Sources */,
				21B1FEF0159B58C200868F62 /* CustomRecordCell.m in Sources */,
				2132A5D4159CD26100009CB9 /* Record.m in Sources */,
				2132A5D7159CD26200009CB9 /* Image.m in Sources */,
				2132A5DA159CD62200009CB9 /* Image+Creation.m in Sources */,
				2141DC17159C9AE1002518F9 /* (null) in Sources */,
				21A87A13159CAAFE001A220E /* Record+DateAndTimeFormatter.m in Sources */,
				0205C7AC159CD79900CA1223 /* Formation.m in Sources */,
				02712A4C159D010500510188 /* Bedding.m in Sources */,
				02712A50159D011300510188 /* Contact.m in Sources */,
				02712A53159D012100510188 /* Fault.m in Sources */,
				02712A56159D012F00510188 /* JointSet.m in Sources */,
				02712A59159D013D00510188 /* Other.m in Sources */,
			);
			runOnlyForDeploymentPostprocessing = 0;
		};
		0294E0AD159361060025219F /* Sources */ = {
			isa = PBXSourcesBuildPhase;
			buildActionMask = 2147483647;
			files = (
				0294E0C1159361060025219F /* GeoFieldBookTests.m in Sources */,
			);
			runOnlyForDeploymentPostprocessing = 0;
		};
/* End PBXSourcesBuildPhase section */

/* Begin PBXTargetDependency section */
		0294E0B8159361060025219F /* PBXTargetDependency */ = {
			isa = PBXTargetDependency;
			target = 0294E090159361060025219F /* GeoFieldBook */;
			targetProxy = 0294E0B7159361060025219F /* PBXContainerItemProxy */;
		};
/* End PBXTargetDependency section */

/* Begin PBXVariantGroup section */
		0294E09E159361060025219F /* InfoPlist.strings */ = {
			isa = PBXVariantGroup;
			children = (
				0294E09F159361060025219F /* en */,
			);
			name = InfoPlist.strings;
			sourceTree = "<group>";
		};
		0294E0A7159361060025219F /* iPad.storyboard */ = {
			isa = PBXVariantGroup;
			children = (
				0294E0A8159361060025219F /* en */,
			);
			name = iPad.storyboard;
			sourceTree = "<group>";
		};
		0294E0BC159361060025219F /* InfoPlist.strings */ = {
			isa = PBXVariantGroup;
			children = (
				0294E0BD159361060025219F /* en */,
			);
			name = InfoPlist.strings;
			sourceTree = "<group>";
		};
/* End PBXVariantGroup section */

/* Begin XCBuildConfiguration section */
		0294E0C2159361060025219F /* Debug */ = {
			isa = XCBuildConfiguration;
			buildSettings = {
				ALWAYS_SEARCH_USER_PATHS = NO;
				ARCHS = "$(ARCHS_STANDARD_32_BIT)";
				CLANG_ENABLE_OBJC_ARC = YES;
				"CODE_SIGN_IDENTITY[sdk=iphoneos*]" = "iPhone Developer";
				COPY_PHASE_STRIP = NO;
				GCC_C_LANGUAGE_STANDARD = gnu99;
				GCC_DYNAMIC_NO_PIC = NO;
				GCC_OPTIMIZATION_LEVEL = 0;
				GCC_PREPROCESSOR_DEFINITIONS = (
					"DEBUG=1",
					"$(inherited)",
				);
				GCC_SYMBOLS_PRIVATE_EXTERN = NO;
				GCC_VERSION = com.apple.compilers.llvm.clang.1_0;
				GCC_WARN_ABOUT_MISSING_PROTOTYPES = YES;
				GCC_WARN_ABOUT_RETURN_TYPE = YES;
				GCC_WARN_UNUSED_VARIABLE = YES;
				IPHONEOS_DEPLOYMENT_TARGET = 5.0;
				SDKROOT = iphoneos;
				TARGETED_DEVICE_FAMILY = 2;
			};
			name = Debug;
		};
		0294E0C3159361060025219F /* Release */ = {
			isa = XCBuildConfiguration;
			buildSettings = {
				ALWAYS_SEARCH_USER_PATHS = NO;
				ARCHS = "$(ARCHS_STANDARD_32_BIT)";
				CLANG_ENABLE_OBJC_ARC = YES;
				"CODE_SIGN_IDENTITY[sdk=iphoneos*]" = "iPhone Developer";
				COPY_PHASE_STRIP = YES;
				GCC_C_LANGUAGE_STANDARD = gnu99;
				GCC_VERSION = com.apple.compilers.llvm.clang.1_0;
				GCC_WARN_ABOUT_MISSING_PROTOTYPES = YES;
				GCC_WARN_ABOUT_RETURN_TYPE = YES;
				GCC_WARN_UNUSED_VARIABLE = YES;
				IPHONEOS_DEPLOYMENT_TARGET = 5.0;
				OTHER_CFLAGS = "-DNS_BLOCK_ASSERTIONS=1";
				SDKROOT = iphoneos;
				TARGETED_DEVICE_FAMILY = 2;
				VALIDATE_PRODUCT = YES;
			};
			name = Release;
		};
		0294E0C5159361060025219F /* Debug */ = {
			isa = XCBuildConfiguration;
			buildSettings = {
				CODE_SIGN_IDENTITY = "iPhone Developer: Kien Hoang (Y8ZTM7CWYV)";
				"CODE_SIGN_IDENTITY[sdk=iphoneos*]" = "iPhone Developer";
				GCC_PRECOMPILE_PREFIX_HEADER = YES;
				GCC_PREFIX_HEADER = "GeoFieldBook/GeoFieldBook-Prefix.pch";
				INFOPLIST_FILE = "GeoFieldBook/GeoFieldBook-Info.plist";
				LIBRARY_SEARCH_PATHS = (
					"$(inherited)",
					"\"$(SDKROOT)/usr/lib/system\"",
				);
				PRODUCT_NAME = "$(TARGET_NAME)";
				PROVISIONING_PROFILE = "65168178-1D9E-4F5C-A45A-54D48C7A44EE";
				"PROVISIONING_PROFILE[sdk=iphoneos*]" = "65168178-1D9E-4F5C-A45A-54D48C7A44EE";
				WRAPPER_EXTENSION = app;
			};
			name = Debug;
		};
		0294E0C6159361060025219F /* Release */ = {
			isa = XCBuildConfiguration;
			buildSettings = {
				CODE_SIGN_IDENTITY = "iPhone Developer: Kien Hoang (Y8ZTM7CWYV)";
				GCC_PRECOMPILE_PREFIX_HEADER = YES;
				GCC_PREFIX_HEADER = "GeoFieldBook/GeoFieldBook-Prefix.pch";
				INFOPLIST_FILE = "GeoFieldBook/GeoFieldBook-Info.plist";
				LIBRARY_SEARCH_PATHS = (
					"$(inherited)",
					"\"$(SDKROOT)/usr/lib/system\"",
				);
				PRODUCT_NAME = "$(TARGET_NAME)";
				PROVISIONING_PROFILE = "70C9F55C-B768-45BC-9609-4FEAEE1B4C41";
				WRAPPER_EXTENSION = app;
			};
			name = Release;
		};
		0294E0C8159361060025219F /* Debug */ = {
			isa = XCBuildConfiguration;
			buildSettings = {
				BUNDLE_LOADER = "$(BUILT_PRODUCTS_DIR)/GeoFieldBook.app/GeoFieldBook";
				FRAMEWORK_SEARCH_PATHS = (
					"$(SDKROOT)/Developer/Library/Frameworks",
					"$(DEVELOPER_LIBRARY_DIR)/Frameworks",
				);
				GCC_PRECOMPILE_PREFIX_HEADER = YES;
				GCC_PREFIX_HEADER = "GeoFieldBook/GeoFieldBook-Prefix.pch";
				INFOPLIST_FILE = "GeoFieldBookTests/GeoFieldBookTests-Info.plist";
				PRODUCT_NAME = "$(TARGET_NAME)";
				TEST_HOST = "$(BUNDLE_LOADER)";
				WRAPPER_EXTENSION = octest;
			};
			name = Debug;
		};
		0294E0C9159361060025219F /* Release */ = {
			isa = XCBuildConfiguration;
			buildSettings = {
				BUNDLE_LOADER = "$(BUILT_PRODUCTS_DIR)/GeoFieldBook.app/GeoFieldBook";
				FRAMEWORK_SEARCH_PATHS = (
					"$(SDKROOT)/Developer/Library/Frameworks",
					"$(DEVELOPER_LIBRARY_DIR)/Frameworks",
				);
				GCC_PRECOMPILE_PREFIX_HEADER = YES;
				GCC_PREFIX_HEADER = "GeoFieldBook/GeoFieldBook-Prefix.pch";
				INFOPLIST_FILE = "GeoFieldBookTests/GeoFieldBookTests-Info.plist";
				PRODUCT_NAME = "$(TARGET_NAME)";
				TEST_HOST = "$(BUNDLE_LOADER)";
				WRAPPER_EXTENSION = octest;
			};
			name = Release;
		};
/* End XCBuildConfiguration section */

/* Begin XCConfigurationList section */
		0294E08B159361060025219F /* Build configuration list for PBXProject "GeoFieldBook" */ = {
			isa = XCConfigurationList;
			buildConfigurations = (
				0294E0C2159361060025219F /* Debug */,
				0294E0C3159361060025219F /* Release */,
			);
			defaultConfigurationIsVisible = 0;
			defaultConfigurationName = Release;
		};
		0294E0C4159361060025219F /* Build configuration list for PBXNativeTarget "GeoFieldBook" */ = {
			isa = XCConfigurationList;
			buildConfigurations = (
				0294E0C5159361060025219F /* Debug */,
				0294E0C6159361060025219F /* Release */,
			);
			defaultConfigurationIsVisible = 0;
			defaultConfigurationName = Release;
		};
		0294E0C7159361060025219F /* Build configuration list for PBXNativeTarget "GeoFieldBookTests" */ = {
			isa = XCConfigurationList;
			buildConfigurations = (
				0294E0C8159361060025219F /* Debug */,
				0294E0C9159361060025219F /* Release */,
			);
			defaultConfigurationIsVisible = 0;
			defaultConfigurationName = Release;
		};
/* End XCConfigurationList section */

/* Begin XCVersionGroup section */
		0294E0D2159362FC0025219F /* GeoFieldBook.xcdatamodeld */ = {
			isa = XCVersionGroup;
			children = (
				0294E0D3159362FC0025219F /* GeoFieldBook.xcdatamodel */,
			);
			currentVersion = 0294E0D3159362FC0025219F /* GeoFieldBook.xcdatamodel */;
			path = GeoFieldBook.xcdatamodeld;
			sourceTree = "<group>";
			versionGroupType = wrapper.xcdatamodel;
		};
/* End XCVersionGroup section */
	};
	rootObject = 0294E088159361060025219F /* Project object */;
}
