// !$*UTF8*$!
{
	archiveVersion = 1;
	classes = {
	};
	objectVersion = 46;
	objects = {

/* Begin PBXBuildFile section */
		020EBB5A15941F7C00EECC08 /* FolderTableViewController.m in Sources */ = {isa = PBXBuildFile; fileRef = 020EBB5915941F7C00EECC08 /* FolderTableViewController.m */; };
		020EBB7A15941FB400EECC08 /* Formation.m in Sources */ = {isa = PBXBuildFile; fileRef = 020EBB7915941FB400EECC08 /* Formation.m */; };
		020EBB7D15941FB400EECC08 /* Formation_Folder.m in Sources */ = {isa = PBXBuildFile; fileRef = 020EBB7C15941FB400EECC08 /* Formation_Folder.m */; };
		020EBB8015941FB400EECC08 /* Fault.m in Sources */ = {isa = PBXBuildFile; fileRef = 020EBB7F15941FB400EECC08 /* Fault.m */; };
		020EBB8315941FB400EECC08 /* Bedding.m in Sources */ = {isa = PBXBuildFile; fileRef = 020EBB8215941FB400EECC08 /* Bedding.m */; };
		020EBB8615941FB400EECC08 /* JointSet.m in Sources */ = {isa = PBXBuildFile; fileRef = 020EBB8515941FB400EECC08 /* JointSet.m */; };
		020EBB8915941FB400EECC08 /* Record.m in Sources */ = {isa = PBXBuildFile; fileRef = 020EBB8815941FB400EECC08 /* Record.m */; };
		020EBB8C15941FB400EECC08 /* Other.m in Sources */ = {isa = PBXBuildFile; fileRef = 020EBB8B15941FB400EECC08 /* Other.m */; };
		020EBB8F15941FB400EECC08 /* Folder.m in Sources */ = {isa = PBXBuildFile; fileRef = 020EBB8E15941FB400EECC08 /* Folder.m */; };
		020EBB9215941FB400EECC08 /* Contact.m in Sources */ = {isa = PBXBuildFile; fileRef = 020EBB9115941FB400EECC08 /* Contact.m */; };
		020EBB951594217A00EECC08 /* CoreDataTableViewController.m in Sources */ = {isa = PBXBuildFile; fileRef = 020EBB941594217A00EECC08 /* CoreDataTableViewController.m */; };
		020EBB991594259900EECC08 /* GeoDatabaseManager.m in Sources */ = {isa = PBXBuildFile; fileRef = 020EBB981594259900EECC08 /* GeoDatabaseManager.m */; };
		020EBB9E15942CBB00EECC08 /* RecordViewController.m in Sources */ = {isa = PBXBuildFile; fileRef = 020EBB9D15942CBB00EECC08 /* RecordViewController.m */; };
		020EBBA115942E8800EECC08 /* ModalFolderViewController.m in Sources */ = {isa = PBXBuildFile; fileRef = 020EBBA015942E8800EECC08 /* ModalFolderViewController.m */; };
		020EBBA41594355800EECC08 /* Folder+Creation.m in Sources */ = {isa = PBXBuildFile; fileRef = 020EBBA31594355800EECC08 /* Folder+Creation.m */; };
		020EBBAF15944F4500EECC08 /* TextInputFilter.m in Sources */ = {isa = PBXBuildFile; fileRef = 020EBBAE15944F4500EECC08 /* TextInputFilter.m */; };
		0294E096159361060025219F /* UIKit.framework in Frameworks */ = {isa = PBXBuildFile; fileRef = 0294E095159361060025219F /* UIKit.framework */; };
		0294E098159361060025219F /* Foundation.framework in Frameworks */ = {isa = PBXBuildFile; fileRef = 0294E097159361060025219F /* Foundation.framework */; };
		0294E09A159361060025219F /* CoreGraphics.framework in Frameworks */ = {isa = PBXBuildFile; fileRef = 0294E099159361060025219F /* CoreGraphics.framework */; };
		0294E0A0159361060025219F /* InfoPlist.strings in Resources */ = {isa = PBXBuildFile; fileRef = 0294E09E159361060025219F /* InfoPlist.strings */; };
		0294E0A2159361060025219F /* main.m in Sources */ = {isa = PBXBuildFile; fileRef = 0294E0A1159361060025219F /* main.m */; };
		0294E0A6159361060025219F /* GeoFieldBookAppDelegate.m in Sources */ = {isa = PBXBuildFile; fileRef = 0294E0A5159361060025219F /* GeoFieldBookAppDelegate.m */; };
		0294E0A9159361060025219F /* iPad.storyboard in Resources */ = {isa = PBXBuildFile; fileRef = 0294E0A7159361060025219F /* iPad.storyboard */; };
		0294E0B4159361060025219F /* SenTestingKit.framework in Frameworks */ = {isa = PBXBuildFile; fileRef = 0294E0B3159361060025219F /* SenTestingKit.framework */; };
		0294E0B5159361060025219F /* UIKit.framework in Frameworks */ = {isa = PBXBuildFile; fileRef = 0294E095159361060025219F /* UIKit.framework */; };
		0294E0B6159361060025219F /* Foundation.framework in Frameworks */ = {isa = PBXBuildFile; fileRef = 0294E097159361060025219F /* Foundation.framework */; };
		0294E0BE159361060025219F /* InfoPlist.strings in Resources */ = {isa = PBXBuildFile; fileRef = 0294E0BC159361060025219F /* InfoPlist.strings */; };
		0294E0C1159361060025219F /* GeoFieldBookTests.m in Sources */ = {isa = PBXBuildFile; fileRef = 0294E0C0159361060025219F /* GeoFieldBookTests.m */; };
		0294E0CB159361F50025219F /* CoreData.framework in Frameworks */ = {isa = PBXBuildFile; fileRef = 0294E0CA159361F50025219F /* CoreData.framework */; };
		0294E0CD159362040025219F /* MapKit.framework in Frameworks */ = {isa = PBXBuildFile; fileRef = 0294E0CC159362040025219F /* MapKit.framework */; };
		0294E0CF1593620B0025219F /* CoreLocation.framework in Frameworks */ = {isa = PBXBuildFile; fileRef = 0294E0CE1593620B0025219F /* CoreLocation.framework */; };
		0294E0D4159362FC0025219F /* GeoFieldBook.xcdatamodeld in Sources */ = {isa = PBXBuildFile; fileRef = 0294E0D2159362FC0025219F /* GeoFieldBook.xcdatamodeld */; };
/* End PBXBuildFile section */

/* Begin PBXContainerItemProxy section */
		0294E0B7159361060025219F /* PBXContainerItemProxy */ = {
			isa = PBXContainerItemProxy;
			containerPortal = 0294E088159361060025219F /* Project object */;
			proxyType = 1;
			remoteGlobalIDString = 0294E090159361060025219F;
			remoteInfo = GeoFieldBook;
		};
/* End PBXContainerItemProxy section */

/* Begin PBXFileReference section */
		020EBB5815941F7C00EECC08 /* FolderTableViewController.h */ = {isa = PBXFileReference; fileEncoding = 4; lastKnownFileType = sourcecode.c.h; path = FolderTableViewController.h; sourceTree = "<group>"; };
		020EBB5915941F7C00EECC08 /* FolderTableViewController.m */ = {isa = PBXFileReference; fileEncoding = 4; lastKnownFileType = sourcecode.c.objc; path = FolderTableViewController.m; sourceTree = "<group>"; };
		020EBB7815941FB400EECC08 /* Formation.h */ = {isa = PBXFileReference; fileEncoding = 4; lastKnownFileType = sourcecode.c.h; path = Formation.h; sourceTree = "<group>"; };
		020EBB7915941FB400EECC08 /* Formation.m */ = {isa = PBXFileReference; fileEncoding = 4; lastKnownFileType = sourcecode.c.objc; path = Formation.m; sourceTree = "<group>"; };
		020EBB7B15941FB400EECC08 /* Formation_Folder.h */ = {isa = PBXFileReference; fileEncoding = 4; lastKnownFileType = sourcecode.c.h; path = Formation_Folder.h; sourceTree = "<group>"; };
		020EBB7C15941FB400EECC08 /* Formation_Folder.m */ = {isa = PBXFileReference; fileEncoding = 4; lastKnownFileType = sourcecode.c.objc; path = Formation_Folder.m; sourceTree = "<group>"; };
		020EBB7E15941FB400EECC08 /* Fault.h */ = {isa = PBXFileReference; fileEncoding = 4; lastKnownFileType = sourcecode.c.h; path = Fault.h; sourceTree = "<group>"; };
		020EBB7F15941FB400EECC08 /* Fault.m */ = {isa = PBXFileReference; fileEncoding = 4; lastKnownFileType = sourcecode.c.objc; path = Fault.m; sourceTree = "<group>"; };
		020EBB8115941FB400EECC08 /* Bedding.h */ = {isa = PBXFileReference; fileEncoding = 4; lastKnownFileType = sourcecode.c.h; path = Bedding.h; sourceTree = "<group>"; };
		020EBB8215941FB400EECC08 /* Bedding.m */ = {isa = PBXFileReference; fileEncoding = 4; lastKnownFileType = sourcecode.c.objc; path = Bedding.m; sourceTree = "<group>"; };
		020EBB8415941FB400EECC08 /* JointSet.h */ = {isa = PBXFileReference; fileEncoding = 4; lastKnownFileType = sourcecode.c.h; path = JointSet.h; sourceTree = "<group>"; };
		020EBB8515941FB400EECC08 /* JointSet.m */ = {isa = PBXFileReference; fileEncoding = 4; lastKnownFileType = sourcecode.c.objc; path = JointSet.m; sourceTree = "<group>"; };
		020EBB8715941FB400EECC08 /* Record.h */ = {isa = PBXFileReference; fileEncoding = 4; lastKnownFileType = sourcecode.c.h; path = Record.h; sourceTree = "<group>"; };
		020EBB8815941FB400EECC08 /* Record.m */ = {isa = PBXFileReference; fileEncoding = 4; lastKnownFileType = sourcecode.c.objc; path = Record.m; sourceTree = "<group>"; };
		020EBB8A15941FB400EECC08 /* Other.h */ = {isa = PBXFileReference; fileEncoding = 4; lastKnownFileType = sourcecode.c.h; path = Other.h; sourceTree = "<group>"; };
		020EBB8B15941FB400EECC08 /* Other.m */ = {isa = PBXFileReference; fileEncoding = 4; lastKnownFileType = sourcecode.c.objc; path = Other.m; sourceTree = "<group>"; };
		020EBB8D15941FB400EECC08 /* Folder.h */ = {isa = PBXFileReference; fileEncoding = 4; lastKnownFileType = sourcecode.c.h; path = Folder.h; sourceTree = "<group>"; };
		020EBB8E15941FB400EECC08 /* Folder.m */ = {isa = PBXFileReference; fileEncoding = 4; lastKnownFileType = sourcecode.c.objc; path = Folder.m; sourceTree = "<group>"; };
		020EBB9015941FB400EECC08 /* Contact.h */ = {isa = PBXFileReference; fileEncoding = 4; lastKnownFileType = sourcecode.c.h; path = Contact.h; sourceTree = "<group>"; };
		020EBB9115941FB400EECC08 /* Contact.m */ = {isa = PBXFileReference; fileEncoding = 4; lastKnownFileType = sourcecode.c.objc; path = Contact.m; sourceTree = "<group>"; };
		020EBB931594217A00EECC08 /* CoreDataTableViewController.h */ = {isa = PBXFileReference; fileEncoding = 4; lastKnownFileType = sourcecode.c.h; path = CoreDataTableViewController.h; sourceTree = "<group>"; };
		020EBB941594217A00EECC08 /* CoreDataTableViewController.m */ = {isa = PBXFileReference; fileEncoding = 4; lastKnownFileType = sourcecode.c.objc; path = CoreDataTableViewController.m; sourceTree = "<group>"; };
		020EBB971594259900EECC08 /* GeoDatabaseManager.h */ = {isa = PBXFileReference; fileEncoding = 4; lastKnownFileType = sourcecode.c.h; path = GeoDatabaseManager.h; sourceTree = "<group>"; };
		020EBB981594259900EECC08 /* GeoDatabaseManager.m */ = {isa = PBXFileReference; fileEncoding = 4; lastKnownFileType = sourcecode.c.objc; path = GeoDatabaseManager.m; sourceTree = "<group>"; };
		020EBB9C15942CBB00EECC08 /* RecordViewController.h */ = {isa = PBXFileReference; fileEncoding = 4; lastKnownFileType = sourcecode.c.h; path = RecordViewController.h; sourceTree = "<group>"; };
		020EBB9D15942CBB00EECC08 /* RecordViewController.m */ = {isa = PBXFileReference; fileEncoding = 4; lastKnownFileType = sourcecode.c.objc; path = RecordViewController.m; sourceTree = "<group>"; };
		020EBB9F15942E8800EECC08 /* ModalFolderViewController.h */ = {isa = PBXFileReference; fileEncoding = 4; lastKnownFileType = sourcecode.c.h; path = ModalFolderViewController.h; sourceTree = "<group>"; };
		020EBBA015942E8800EECC08 /* ModalFolderViewController.m */ = {isa = PBXFileReference; fileEncoding = 4; lastKnownFileType = sourcecode.c.objc; path = ModalFolderViewController.m; sourceTree = "<group>"; };
		020EBBA21594355800EECC08 /* Folder+Creation.h */ = {isa = PBXFileReference; fileEncoding = 4; lastKnownFileType = sourcecode.c.h; path = "Folder+Creation.h"; sourceTree = "<group>"; };
		020EBBA31594355800EECC08 /* Folder+Creation.m */ = {isa = PBXFileReference; fileEncoding = 4; lastKnownFileType = sourcecode.c.objc; path = "Folder+Creation.m"; sourceTree = "<group>"; };
		020EBBAD15944F4500EECC08 /* TextInputFilter.h */ = {isa = PBXFileReference; fileEncoding = 4; lastKnownFileType = sourcecode.c.h; path = TextInputFilter.h; sourceTree = "<group>"; };
		020EBBAE15944F4500EECC08 /* TextInputFilter.m */ = {isa = PBXFileReference; fileEncoding = 4; lastKnownFileType = sourcecode.c.objc; path = TextInputFilter.m; sourceTree = "<group>"; };
		0294E091159361060025219F /* GeoFieldBook.app */ = {isa = PBXFileReference; explicitFileType = wrapper.application; includeInIndex = 0; path = GeoFieldBook.app; sourceTree = BUILT_PRODUCTS_DIR; };
		0294E095159361060025219F /* UIKit.framework */ = {isa = PBXFileReference; lastKnownFileType = wrapper.framework; name = UIKit.framework; path = System/Library/Frameworks/UIKit.framework; sourceTree = SDKROOT; };
		0294E097159361060025219F /* Foundation.framework */ = {isa = PBXFileReference; lastKnownFileType = wrapper.framework; name = Foundation.framework; path = System/Library/Frameworks/Foundation.framework; sourceTree = SDKROOT; };
		0294E099159361060025219F /* CoreGraphics.framework */ = {isa = PBXFileReference; lastKnownFileType = wrapper.framework; name = CoreGraphics.framework; path = System/Library/Frameworks/CoreGraphics.framework; sourceTree = SDKROOT; };
		0294E09D159361060025219F /* GeoFieldBook-Info.plist */ = {isa = PBXFileReference; lastKnownFileType = text.plist.xml; path = "GeoFieldBook-Info.plist"; sourceTree = "<group>"; };
		0294E09F159361060025219F /* en */ = {isa = PBXFileReference; lastKnownFileType = text.plist.strings; name = en; path = en.lproj/InfoPlist.strings; sourceTree = "<group>"; };
		0294E0A1159361060025219F /* main.m */ = {isa = PBXFileReference; lastKnownFileType = sourcecode.c.objc; path = main.m; sourceTree = "<group>"; };
		0294E0A3159361060025219F /* GeoFieldBook-Prefix.pch */ = {isa = PBXFileReference; lastKnownFileType = sourcecode.c.h; path = "GeoFieldBook-Prefix.pch"; sourceTree = "<group>"; };
		0294E0A4159361060025219F /* GeoFieldBookAppDelegate.h */ = {isa = PBXFileReference; lastKnownFileType = sourcecode.c.h; path = GeoFieldBookAppDelegate.h; sourceTree = "<group>"; };
		0294E0A5159361060025219F /* GeoFieldBookAppDelegate.m */ = {isa = PBXFileReference; lastKnownFileType = sourcecode.c.objc; path = GeoFieldBookAppDelegate.m; sourceTree = "<group>"; };
		0294E0A8159361060025219F /* en */ = {isa = PBXFileReference; lastKnownFileType = file.storyboard; name = en; path = en.lproj/iPad.storyboard; sourceTree = "<group>"; };
		0294E0B2159361060025219F /* GeoFieldBookTests.octest */ = {isa = PBXFileReference; explicitFileType = wrapper.cfbundle; includeInIndex = 0; path = GeoFieldBookTests.octest; sourceTree = BUILT_PRODUCTS_DIR; };
		0294E0B3159361060025219F /* SenTestingKit.framework */ = {isa = PBXFileReference; lastKnownFileType = wrapper.framework; name = SenTestingKit.framework; path = Library/Frameworks/SenTestingKit.framework; sourceTree = DEVELOPER_DIR; };
		0294E0BB159361060025219F /* GeoFieldBookTests-Info.plist */ = {isa = PBXFileReference; lastKnownFileType = text.plist.xml; path = "GeoFieldBookTests-Info.plist"; sourceTree = "<group>"; };
		0294E0BD159361060025219F /* en */ = {isa = PBXFileReference; lastKnownFileType = text.plist.strings; name = en; path = en.lproj/InfoPlist.strings; sourceTree = "<group>"; };
		0294E0BF159361060025219F /* GeoFieldBookTests.h */ = {isa = PBXFileReference; lastKnownFileType = sourcecode.c.h; path = GeoFieldBookTests.h; sourceTree = "<group>"; };
		0294E0C0159361060025219F /* GeoFieldBookTests.m */ = {isa = PBXFileReference; lastKnownFileType = sourcecode.c.objc; path = GeoFieldBookTests.m; sourceTree = "<group>"; };
		0294E0CA159361F50025219F /* CoreData.framework */ = {isa = PBXFileReference; lastKnownFileType = wrapper.framework; name = CoreData.framework; path = System/Library/Frameworks/CoreData.framework; sourceTree = SDKROOT; };
		0294E0CC159362040025219F /* MapKit.framework */ = {isa = PBXFileReference; lastKnownFileType = wrapper.framework; name = MapKit.framework; path = System/Library/Frameworks/MapKit.framework; sourceTree = SDKROOT; };
		0294E0CE1593620B0025219F /* CoreLocation.framework */ = {isa = PBXFileReference; lastKnownFileType = wrapper.framework; name = CoreLocation.framework; path = System/Library/Frameworks/CoreLocation.framework; sourceTree = SDKROOT; };
		0294E0D3159362FC0025219F /* GeoFieldBook.xcdatamodel */ = {isa = PBXFileReference; lastKnownFileType = wrapper.xcdatamodel; path = GeoFieldBook.xcdatamodel; sourceTree = "<group>"; };
/* End PBXFileReference section */

/* Begin PBXFrameworksBuildPhase section */
		0294E08E159361060025219F /* Frameworks */ = {
			isa = PBXFrameworksBuildPhase;
			buildActionMask = 2147483647;
			files = (
				0294E0CF1593620B0025219F /* CoreLocation.framework in Frameworks */,
				0294E0CD159362040025219F /* MapKit.framework in Frameworks */,
				0294E0CB159361F50025219F /* CoreData.framework in Frameworks */,
				0294E096159361060025219F /* UIKit.framework in Frameworks */,
				0294E098159361060025219F /* Foundation.framework in Frameworks */,
				0294E09A159361060025219F /* CoreGraphics.framework in Frameworks */,
			);
			runOnlyForDeploymentPostprocessing = 0;
		};
		0294E0AE159361060025219F /* Frameworks */ = {
			isa = PBXFrameworksBuildPhase;
			buildActionMask = 2147483647;
			files = (
				0294E0B4159361060025219F /* SenTestingKit.framework in Frameworks */,
				0294E0B5159361060025219F /* UIKit.framework in Frameworks */,
				0294E0B6159361060025219F /* Foundation.framework in Frameworks */,
			);
			runOnlyForDeploymentPostprocessing = 0;
		};
/* End PBXFrameworksBuildPhase section */

/* Begin PBXGroup section */
		020EBB5C15941F8300EECC08 /* View Controller Prototypes */ = {
			isa = PBXGroup;
			children = (
				020EBB931594217A00EECC08 /* CoreDataTableViewController.h */,
				020EBB941594217A00EECC08 /* CoreDataTableViewController.m */,
			);
			name = "View Controller Prototypes";
			sourceTree = "<group>";
		};
		020EBB961594255700EECC08 /* Library */ = {
			isa = PBXGroup;
			children = (
				020EBB971594259900EECC08 /* GeoDatabaseManager.h */,
				020EBB981594259900EECC08 /* GeoDatabaseManager.m */,
				020EBBAD15944F4500EECC08 /* TextInputFilter.h */,
				020EBBAE15944F4500EECC08 /* TextInputFilter.m */,
			);
			name = Library;
			sourceTree = "<group>";
		};
		020EBB9A15942C7900EECC08 /* Master View Controllers */ = {
			isa = PBXGroup;
			children = (
				020EBB5815941F7C00EECC08 /* FolderTableViewController.h */,
				020EBB5915941F7C00EECC08 /* FolderTableViewController.m */,
				020EBB9F15942E8800EECC08 /* ModalFolderViewController.h */,
				020EBBA015942E8800EECC08 /* ModalFolderViewController.m */,
			);
			name = "Master View Controllers";
			sourceTree = "<group>";
		};
		020EBB9B15942C8F00EECC08 /* Detail View Controllers */ = {
			isa = PBXGroup;
			children = (
				020EBB9C15942CBB00EECC08 /* RecordViewController.h */,
				020EBB9D15942CBB00EECC08 /* RecordViewController.m */,
			);
			name = "Detail View Controllers";
			sourceTree = "<group>";
		};
		0294E086159361060025219F = {
			isa = PBXGroup;
			children = (
				0294E09B159361060025219F /* GeoFieldBook */,
				0294E0B9159361060025219F /* GeoFieldBookTests */,
				0294E094159361060025219F /* Frameworks */,
				0294E092159361060025219F /* Products */,
			);
			sourceTree = "<group>";
		};
		0294E092159361060025219F /* Products */ = {
			isa = PBXGroup;
			children = (
				0294E091159361060025219F /* GeoFieldBook.app */,
				0294E0B2159361060025219F /* GeoFieldBookTests.octest */,
			);
			name = Products;
			sourceTree = "<group>";
		};
		0294E094159361060025219F /* Frameworks */ = {
			isa = PBXGroup;
			children = (
				0294E0CE1593620B0025219F /* CoreLocation.framework */,
				0294E0CC159362040025219F /* MapKit.framework */,
				0294E0CA159361F50025219F /* CoreData.framework */,
				0294E095159361060025219F /* UIKit.framework */,
				0294E097159361060025219F /* Foundation.framework */,
				0294E099159361060025219F /* CoreGraphics.framework */,
				0294E0B3159361060025219F /* SenTestingKit.framework */,
			);
			name = Frameworks;
			sourceTree = "<group>";
		};
		0294E09B159361060025219F /* GeoFieldBook */ = {
			isa = PBXGroup;
			children = (
				0294E0A7159361060025219F /* iPad.storyboard */,
				020EBB9A15942C7900EECC08 /* Master View Controllers */,
				020EBB9B15942C8F00EECC08 /* Detail View Controllers */,
				020EBB5C15941F8300EECC08 /* View Controller Prototypes */,
				020EBB961594255700EECC08 /* Library */,
				0294E0D1159362D20025219F /* Database */,
				0294E09C159361060025219F /* Supporting Files */,
			);
			path = GeoFieldBook;
			sourceTree = "<group>";
		};
		0294E09C159361060025219F /* Supporting Files */ = {
			isa = PBXGroup;
			children = (
				0294E0A4159361060025219F /* GeoFieldBookAppDelegate.h */,
				0294E0A5159361060025219F /* GeoFieldBookAppDelegate.m */,
				0294E09D159361060025219F /* GeoFieldBook-Info.plist */,
				0294E09E159361060025219F /* InfoPlist.strings */,
				0294E0A1159361060025219F /* main.m */,
				0294E0A3159361060025219F /* GeoFieldBook-Prefix.pch */,
			);
			name = "Supporting Files";
			sourceTree = "<group>";
		};
		0294E0B9159361060025219F /* GeoFieldBookTests */ = {
			isa = PBXGroup;
			children = (
				0294E0BF159361060025219F /* GeoFieldBookTests.h */,
				0294E0C0159361060025219F /* GeoFieldBookTests.m */,
				0294E0BA159361060025219F /* Supporting Files */,
			);
			path = GeoFieldBookTests;
			sourceTree = "<group>";
		};
		0294E0BA159361060025219F /* Supporting Files */ = {
			isa = PBXGroup;
			children = (
				0294E0BB159361060025219F /* GeoFieldBookTests-Info.plist */,
				0294E0BC159361060025219F /* InfoPlist.strings */,
			);
			name = "Supporting Files";
			sourceTree = "<group>";
		};
		0294E0D1159362D20025219F /* Database */ = {
			isa = PBXGroup;
			children = (
				0294E0D2159362FC0025219F /* GeoFieldBook.xcdatamodeld */,
				0294E0D5159363050025219F /* NSManagedObject */,
			);
			name = Database;
			sourceTree = "<group>";
		};
		0294E0D5159363050025219F /* NSManagedObject */ = {
			isa = PBXGroup;
			children = (
				020EBB9015941FB400EECC08 /* Contact.h */,
				020EBB9115941FB400EECC08 /* Contact.m */,
				020EBB8D15941FB400EECC08 /* Folder.h */,
				020EBB8E15941FB400EECC08 /* Folder.m */,
				020EBBA21594355800EECC08 /* Folder+Creation.h */,
				020EBBA31594355800EECC08 /* Folder+Creation.m */,
				020EBB8A15941FB400EECC08 /* Other.h */,
				020EBB8B15941FB400EECC08 /* Other.m */,
				020EBB8715941FB400EECC08 /* Record.h */,
				020EBB8815941FB400EECC08 /* Record.m */,
				020EBB8415941FB400EECC08 /* JointSet.h */,
				020EBB8515941FB400EECC08 /* JointSet.m */,
				020EBB8115941FB400EECC08 /* Bedding.h */,
				020EBB8215941FB400EECC08 /* Bedding.m */,
				020EBB7E15941FB400EECC08 /* Fault.h */,
				020EBB7F15941FB400EECC08 /* Fault.m */,
				020EBB7B15941FB400EECC08 /* Formation_Folder.h */,
				020EBB7C15941FB400EECC08 /* Formation_Folder.m */,
				020EBB7815941FB400EECC08 /* Formation.h */,
				020EBB7915941FB400EECC08 /* Formation.m */,
			);
			name = NSManagedObject;
			sourceTree = "<group>";
		};
/* End PBXGroup section */

/* Begin PBXNativeTarget section */
		0294E090159361060025219F /* GeoFieldBook */ = {
			isa = PBXNativeTarget;
			buildConfigurationList = 0294E0C4159361060025219F /* Build configuration list for PBXNativeTarget "GeoFieldBook" */;
			buildPhases = (
				0294E08D159361060025219F /* Sources */,
				0294E08E159361060025219F /* Frameworks */,
				0294E08F159361060025219F /* Resources */,
			);
			buildRules = (
			);
			dependencies = (
			);
			name = GeoFieldBook;
			productName = GeoFieldBook;
			productReference = 0294E091159361060025219F /* GeoFieldBook.app */;
			productType = "com.apple.product-type.application";
		};
		0294E0B1159361060025219F /* GeoFieldBookTests */ = {
			isa = PBXNativeTarget;
			buildConfigurationList = 0294E0C7159361060025219F /* Build configuration list for PBXNativeTarget "GeoFieldBookTests" */;
			buildPhases = (
				0294E0AD159361060025219F /* Sources */,
				0294E0AE159361060025219F /* Frameworks */,
				0294E0AF159361060025219F /* Resources */,
				0294E0B0159361060025219F /* ShellScript */,
			);
			buildRules = (
			);
			dependencies = (
				0294E0B8159361060025219F /* PBXTargetDependency */,
			);
			name = GeoFieldBookTests;
			productName = GeoFieldBookTests;
			productReference = 0294E0B2159361060025219F /* GeoFieldBookTests.octest */;
			productType = "com.apple.product-type.bundle";
		};
/* End PBXNativeTarget section */

/* Begin PBXProject section */
		0294E088159361060025219F /* Project object */ = {
			isa = PBXProject;
			attributes = {
				LastUpgradeCheck = 0420;
				ORGANIZATIONNAME = "Lafayette College";
			};
			buildConfigurationList = 0294E08B159361060025219F /* Build configuration list for PBXProject "GeoFieldBook" */;
			compatibilityVersion = "Xcode 3.2";
			developmentRegion = English;
			hasScannedForEncodings = 0;
			knownRegions = (
				en,
			);
			mainGroup = 0294E086159361060025219F;
			productRefGroup = 0294E092159361060025219F /* Products */;
			projectDirPath = "";
			projectRoot = "";
			targets = (
				0294E090159361060025219F /* GeoFieldBook */,
				0294E0B1159361060025219F /* GeoFieldBookTests */,
			);
		};
/* End PBXProject section */

/* Begin PBXResourcesBuildPhase section */
		0294E08F159361060025219F /* Resources */ = {
			isa = PBXResourcesBuildPhase;
			buildActionMask = 2147483647;
			files = (
				0294E0A0159361060025219F /* InfoPlist.strings in Resources */,
				0294E0A9159361060025219F /* iPad.storyboard in Resources */,
			);
			runOnlyForDeploymentPostprocessing = 0;
		};
		0294E0AF159361060025219F /* Resources */ = {
			isa = PBXResourcesBuildPhase;
			buildActionMask = 2147483647;
			files = (
				0294E0BE159361060025219F /* InfoPlist.strings in Resources */,
			);
			runOnlyForDeploymentPostprocessing = 0;
		};
/* End PBXResourcesBuildPhase section */

/* Begin PBXShellScriptBuildPhase section */
		0294E0B0159361060025219F /* ShellScript */ = {
			isa = PBXShellScriptBuildPhase;
			buildActionMask = 2147483647;
			files = (
			);
			inputPaths = (
			);
			outputPaths = (
			);
			runOnlyForDeploymentPostprocessing = 0;
			shellPath = /bin/sh;
			shellScript = "# Run the unit tests in this test bundle.\n\"${SYSTEM_DEVELOPER_DIR}/Tools/RunUnitTests\"\n";
		};
/* End PBXShellScriptBuildPhase section */

/* Begin PBXSourcesBuildPhase section */
		0294E08D159361060025219F /* Sources */ = {
			isa = PBXSourcesBuildPhase;
			buildActionMask = 2147483647;
			files = (
				0294E0A2159361060025219F /* main.m in Sources */,
				0294E0A6159361060025219F /* GeoFieldBookAppDelegate.m in Sources */,
				0294E0D4159362FC0025219F /* GeoFieldBook.xcdatamodeld in Sources */,
				020EBB5A15941F7C00EECC08 /* FolderTableViewController.m in Sources */,
				020EBB7A15941FB400EECC08 /* Formation.m in Sources */,
				020EBB7D15941FB400EECC08 /* Formation_Folder.m in Sources */,
				020EBB8015941FB400EECC08 /* Fault.m in Sources */,
				020EBB8315941FB400EECC08 /* Bedding.m in Sources */,
				020EBB8615941FB400EECC08 /* JointSet.m in Sources */,
				020EBB8915941FB400EECC08 /* Record.m in Sources */,
				020EBB8C15941FB400EECC08 /* Other.m in Sources */,
				020EBB8F15941FB400EECC08 /* Folder.m in Sources */,
				020EBB9215941FB400EECC08 /* Contact.m in Sources */,
				020EBB951594217A00EECC08 /* CoreDataTableViewController.m in Sources */,
				020EBB991594259900EECC08 /* GeoDatabaseManager.m in Sources */,
				020EBB9E15942CBB00EECC08 /* RecordViewController.m in Sources */,
				020EBBA115942E8800EECC08 /* ModalFolderViewController.m in Sources */,
				020EBBA41594355800EECC08 /* Folder+Creation.m in Sources */,
				020EBBAF15944F4500EECC08 /* TextInputFilter.m in Sources */,
			);
			runOnlyForDeploymentPostprocessing = 0;
		};
		0294E0AD159361060025219F /* Sources */ = {
			isa = PBXSourcesBuildPhase;
			buildActionMask = 2147483647;
			files = (
				0294E0C1159361060025219F /* GeoFieldBookTests.m in Sources */,
			);
			runOnlyForDeploymentPostprocessing = 0;
		};
/* End PBXSourcesBuildPhase section */

/* Begin PBXTargetDependency section */
		0294E0B8159361060025219F /* PBXTargetDependency */ = {
			isa = PBXTargetDependency;
			target = 0294E090159361060025219F /* GeoFieldBook */;
			targetProxy = 0294E0B7159361060025219F /* PBXContainerItemProxy */;
		};
/* End PBXTargetDependency section */

/* Begin PBXVariantGroup section */
		0294E09E159361060025219F /* InfoPlist.strings */ = {
			isa = PBXVariantGroup;
			children = (
				0294E09F159361060025219F /* en */,
			);
			name = InfoPlist.strings;
			sourceTree = "<group>";
		};
		0294E0A7159361060025219F /* iPad.storyboard */ = {
			isa = PBXVariantGroup;
			children = (
				0294E0A8159361060025219F /* en */,
			);
			name = iPad.storyboard;
			sourceTree = "<group>";
		};
		0294E0BC159361060025219F /* InfoPlist.strings */ = {
			isa = PBXVariantGroup;
			children = (
				0294E0BD159361060025219F /* en */,
			);
			name = InfoPlist.strings;
			sourceTree = "<group>";
		};
/* End PBXVariantGroup section */

/* Begin XCBuildConfiguration section */
		0294E0C2159361060025219F /* Debug */ = {
			isa = XCBuildConfiguration;
			buildSettings = {
				ALWAYS_SEARCH_USER_PATHS = NO;
				ARCHS = "$(ARCHS_STANDARD_32_BIT)";
				CLANG_ENABLE_OBJC_ARC = YES;
				"CODE_SIGN_IDENTITY[sdk=iphoneos*]" = "iPhone Developer";
				COPY_PHASE_STRIP = NO;
				GCC_C_LANGUAGE_STANDARD = gnu99;
				GCC_DYNAMIC_NO_PIC = NO;
				GCC_OPTIMIZATION_LEVEL = 0;
				GCC_PREPROCESSOR_DEFINITIONS = (
					"DEBUG=1",
					"$(inherited)",
				);
				GCC_SYMBOLS_PRIVATE_EXTERN = NO;
				GCC_VERSION = com.apple.compilers.llvm.clang.1_0;
				GCC_WARN_ABOUT_MISSING_PROTOTYPES = YES;
				GCC_WARN_ABOUT_RETURN_TYPE = YES;
				GCC_WARN_UNUSED_VARIABLE = YES;
				IPHONEOS_DEPLOYMENT_TARGET = 5.0;
				SDKROOT = iphoneos;
				TARGETED_DEVICE_FAMILY = 2;
			};
			name = Debug;
		};
		0294E0C3159361060025219F /* Release */ = {
			isa = XCBuildConfiguration;
			buildSettings = {
				ALWAYS_SEARCH_USER_PATHS = NO;
				ARCHS = "$(ARCHS_STANDARD_32_BIT)";
				CLANG_ENABLE_OBJC_ARC = YES;
				"CODE_SIGN_IDENTITY[sdk=iphoneos*]" = "iPhone Developer";
				COPY_PHASE_STRIP = YES;
				GCC_C_LANGUAGE_STANDARD = gnu99;
				GCC_VERSION = com.apple.compilers.llvm.clang.1_0;
				GCC_WARN_ABOUT_MISSING_PROTOTYPES = YES;
				GCC_WARN_ABOUT_RETURN_TYPE = YES;
				GCC_WARN_UNUSED_VARIABLE = YES;
				IPHONEOS_DEPLOYMENT_TARGET = 5.0;
				OTHER_CFLAGS = "-DNS_BLOCK_ASSERTIONS=1";
				SDKROOT = iphoneos;
				TARGETED_DEVICE_FAMILY = 2;
				VALIDATE_PRODUCT = YES;
			};
			name = Release;
		};
		0294E0C5159361060025219F /* Debug */ = {
			isa = XCBuildConfiguration;
			buildSettings = {
				GCC_PRECOMPILE_PREFIX_HEADER = YES;
				GCC_PREFIX_HEADER = "GeoFieldBook/GeoFieldBook-Prefix.pch";
				INFOPLIST_FILE = "GeoFieldBook/GeoFieldBook-Info.plist";
				PRODUCT_NAME = "$(TARGET_NAME)";
				WRAPPER_EXTENSION = app;
			};
			name = Debug;
		};
		0294E0C6159361060025219F /* Release */ = {
			isa = XCBuildConfiguration;
			buildSettings = {
				GCC_PRECOMPILE_PREFIX_HEADER = YES;
				GCC_PREFIX_HEADER = "GeoFieldBook/GeoFieldBook-Prefix.pch";
				INFOPLIST_FILE = "GeoFieldBook/GeoFieldBook-Info.plist";
				PRODUCT_NAME = "$(TARGET_NAME)";
				WRAPPER_EXTENSION = app;
			};
			name = Release;
		};
		0294E0C8159361060025219F /* Debug */ = {
			isa = XCBuildConfiguration;
			buildSettings = {
				BUNDLE_LOADER = "$(BUILT_PRODUCTS_DIR)/GeoFieldBook.app/GeoFieldBook";
				FRAMEWORK_SEARCH_PATHS = (
					"$(SDKROOT)/Developer/Library/Frameworks",
					"$(DEVELOPER_LIBRARY_DIR)/Frameworks",
				);
				GCC_PRECOMPILE_PREFIX_HEADER = YES;
				GCC_PREFIX_HEADER = "GeoFieldBook/GeoFieldBook-Prefix.pch";
				INFOPLIST_FILE = "GeoFieldBookTests/GeoFieldBookTests-Info.plist";
				PRODUCT_NAME = "$(TARGET_NAME)";
				TEST_HOST = "$(BUNDLE_LOADER)";
				WRAPPER_EXTENSION = octest;
			};
			name = Debug;
		};
		0294E0C9159361060025219F /* Release */ = {
			isa = XCBuildConfiguration;
			buildSettings = {
				BUNDLE_LOADER = "$(BUILT_PRODUCTS_DIR)/GeoFieldBook.app/GeoFieldBook";
				FRAMEWORK_SEARCH_PATHS = (
					"$(SDKROOT)/Developer/Library/Frameworks",
					"$(DEVELOPER_LIBRARY_DIR)/Frameworks",
				);
				GCC_PRECOMPILE_PREFIX_HEADER = YES;
				GCC_PREFIX_HEADER = "GeoFieldBook/GeoFieldBook-Prefix.pch";
				INFOPLIST_FILE = "GeoFieldBookTests/GeoFieldBookTests-Info.plist";
				PRODUCT_NAME = "$(TARGET_NAME)";
				TEST_HOST = "$(BUNDLE_LOADER)";
				WRAPPER_EXTENSION = octest;
			};
			name = Release;
		};
/* End XCBuildConfiguration section */

/* Begin XCConfigurationList section */
		0294E08B159361060025219F /* Build configuration list for PBXProject "GeoFieldBook" */ = {
			isa = XCConfigurationList;
			buildConfigurations = (
				0294E0C2159361060025219F /* Debug */,
				0294E0C3159361060025219F /* Release */,
			);
			defaultConfigurationIsVisible = 0;
			defaultConfigurationName = Release;
		};
		0294E0C4159361060025219F /* Build configuration list for PBXNativeTarget "GeoFieldBook" */ = {
			isa = XCConfigurationList;
			buildConfigurations = (
				0294E0C5159361060025219F /* Debug */,
				0294E0C6159361060025219F /* Release */,
			);
			defaultConfigurationIsVisible = 0;
			defaultConfigurationName = Release;
		};
		0294E0C7159361060025219F /* Build configuration list for PBXNativeTarget "GeoFieldBookTests" */ = {
			isa = XCConfigurationList;
			buildConfigurations = (
				0294E0C8159361060025219F /* Debug */,
				0294E0C9159361060025219F /* Release */,
			);
			defaultConfigurationIsVisible = 0;
			defaultConfigurationName = Release;
		};
/* End XCConfigurationList section */

/* Begin XCVersionGroup section */
		0294E0D2159362FC0025219F /* GeoFieldBook.xcdatamodeld */ = {
			isa = XCVersionGroup;
			children = (
				0294E0D3159362FC0025219F /* GeoFieldBook.xcdatamodel */,
			);
			currentVersion = 0294E0D3159362FC0025219F /* GeoFieldBook.xcdatamodel */;
			path = GeoFieldBook.xcdatamodeld;
			sourceTree = "<group>";
			versionGroupType = wrapper.xcdatamodel;
		};
/* End XCVersionGroup section */
	};
	rootObject = 0294E088159361060025219F /* Project object */;
}
